{
  "version": 4,
  "terraform_version": "1.6.6",
  "serial": 103,
  "lineage": "b25c141a-0f89-2b08-bbcb-da45bba49ac0",
  "outputs": {
    "ecr_backend_url": {
      "value": "664418964913.dkr.ecr.us-east-1.amazonaws.com/imeetpro-backend",
      "type": "string"
    },
    "ecr_frontend_url": {
      "value": "664418964913.dkr.ecr.us-east-1.amazonaws.com/imeetpro-frontend",
      "type": "string"
    },
    "eks_cluster_endpoint": {
      "value": "https://EE0AFF3C81149F70DA4E88F06636739E.gr7.us-east-1.eks.amazonaws.com",
      "type": "string"
    },
    "eks_cluster_name": {
      "value": "imeetpro-eks-prod",
      "type": "string"
    },
    "jenkins_private_key": {
      "value": "-----BEGIN RSA PRIVATE KEY-----\nMIIJJwIBAAKCAgEAyGaru95Rf7nSkXafG4fyV0B44i8AMxjEvQ7d22W1u2Vlay26\nxeH7x3NlwOPByG0b16EUfcAJ8aLKz8vhprsAxJnCaaUogVGA2DU9m1NRDLtIK//p\n2zwsOOTfQfNvlJJCmkjGt7oVC39LJMbTphm8/snLsg9tqMzklM7Nb5xs3mVFa3vU\n+gQlxSYhWkEqY59YDkjTOa8mU0KH5nZPLYqH/8DkP/vdLQ4j3NKmzA/GvE/H+u/l\nx1qaV1boZ9ppZyB236OvQU96bE2LQRSHPuBV+FsNs9cFXYr3ikDPtPP2hLYQZY/S\nZjwtfDtcmCt1aRvEf3xMkN8E1WvKcHUp1haEOhVpSh8zhT/IWOML+MFAnCsjIJ+y\nWIEwAilGsJfDF1MZxkV1VnvR/8LGZ/68qG66WRevxXn4a4FIo22CCEjNcBHUy7I1\nETkvIpuDBl+7MWKQTPYw9Uj6URAw9dPiDKqR+N0rlrLxfZUtmvdvWjIWg+F/IHr3\nlSbobnTTjc3BY7aMCAlwwsd7gQANJzseR1nnBQujiEU9/Hd5Wimx7GLhbdue+xrx\na93odWLmvMFa2vdPD8Vq7MeJ1mspa9uPeZfhmCY3YkTMWyqTt3OdWbDMkYr5udXw\nwjQwHENmV11QsVWEG2gQfDMu4ZIS29UFHMZuzhk2F1PV7yDkWNpccWSj92UCAwEA\nAQKCAgBUOMoeB54q1tbHKZpOwMC5qK/lJymnT9aHOjNFXKaW3lNUSwC+322ocjgm\na9HqQOi9o8Xv34COXANud1obb2YwOgq5yZ6PUsialS2SFN7wQdlgHIqVB+Hx+0ZU\n+lE/mISDQOi7GGp1zYawKxuSKCkEz5xa9h75HTtHyu4N5SjgAqG9PWrRtGKHS7Ii\ns1Z0Teh9AGA9Uv4BaemhksFN+3WSp+eFeH2IzPOHf8R36H12cPUz4hSoxswsvqqn\n0uQPYlZzQOCLyzJBSAmpTU5Vv4SB/wpwNYLcwGWuZfSlMQ6+0aFsfZhIPSxElNIi\nZclPZksb5QpsrD3k0AthXew6PHZPEFNm3Wkrr8vwBIm8AGXgk+ZgqF9zeFvyqk4Q\n2+aWRHNORik61j3fYs2zNw0Ab9BJRF1E9E0FIiBEsnIr/Sm9wTEabxObA0KPzX9N\nwFDLOzSQIN1VaJUN2mhF9YU/Oq6P9ZSfVfDbJt34YH9Br75cI/14kIOxE4X/r2t0\nsPx7OsVEun97cxQA7tt4gddlakUytSr9UWpygr1WnpO392gqIFC16Z1zl+kzLXb4\nzWw8KZBix2pBTrFD4kCpVEfobRM9RoonIRAJlU7Ncilmj9AINYxlEAzromwLYXnZ\nVo3cVMttFFgrkTFB4d2eIihT61AyBsfO5zVdFUj6PeTanfuFFQKCAQEA2JeTqDap\nfLN5gIhIJLv4s4BIGmAtM9yZ+rqBLFOXHgL6/O4Xo4CZaVNkyKAjlHoUO+QEA4Bh\nzpG2TChbIqWGyEbg0fSV5zfDt9ZaXLXuIsmKWAEyBAcgUllCn02mROnYi/XNhS80\nEuTlWAzSvAQYnEn9w2Kyb67PyxagcHT6vCcYrvbeV39Unq5ggDoe/5eAtaNvcjFK\nysSpnG1pt4hLWepF7PyU6T/ufkApAzA0UopNZKadseJp16HvwdnYlvSD/lfXrsER\nWKg159B5fQOz6uqtSQa/POD8W8qvpsHBwvmj6nbNxWkcN3bQ/gYrnr0KVEdoA7SA\nk1IUOSaKMFWCSwKCAQEA7Nzytr+BEOiKDm3Jcfph2Y4AkGYpx439hkDoNuFGIBZZ\nujSSBuLrOjgAUFRPRWkbx6ZOEygjSN+qfa8D07TWDFd7lM6+TquxnEEOpjDUm1IG\n2sYEG+Q//7sDfAGmihynyxpSOyaOVBICO7kFyJaugQDIlCE3+QLh1xgYs2uU/qpG\n62w9Nr61VkJsrBOc/keNPJnmF0h6MZUMMmtib0RWgVhMk1aKyI671CuIhUiXsykn\n6eE8dXKbaoHdje0qp/rzxovBBbd2yww04ondVmuAbr7b9FDzpTtY/xC7KbKNu1ij\nymYgEeqC+JgCLexvktwNQvV0Rhlqz4GinhPQtCbfDwKCAQANM/g5SdO9GUev0R7s\ntlSrxIcgrHo07h6ozROwuwu8NZxNLMpeGim/5OiA3los4+A14mloOTw9Fl7Rd6hO\njV6Q+Nkdk1ZL+PdCTpvFiQWSM0zunmwJGNIckvpfsaEQFF0x8vLrSnxXJoLggi+a\nbHl/lXcVoP+VlUdvbtqq4Eakj5GOoNfe55El9yVEy8Y1+GtNJ0BU6rJPd/uK4JSQ\nLovBWGmYz7DYIyCLq6eUXSzjVzDukMWOIWooTePKolf0o8UkDQDF01kWWXKnxeqR\n91bRXCriB7pCoMhhZBKfDLKeCw+17DYQ8Z5ZtzF4OrIQBCAMESpDB47K7Db1YOcN\nmTjPAoIBAGdga0IdRLxXcWGowuHO8IPd+RsMq7FfpEXC8FZ7bXq1poWhShZdVWK8\nbE6i7VIS9L/nMm4j93pnu+ZMyzPL2hva1qH0tZRqVQMoVbds2m3LmBhFkieGL/Rx\n76xgoAnpRcZb/4W3ZykEDxt3vjF0qka9S81yzhYNDvoslyM/kfCv6nH3dKP/Ce/S\n39EeYkeMfPT1CjohNMuNDJy4x2Zegg7DtfAcNkggG5QXR+c77pGQJc5qslNkKLaM\nZWD7IMHdwiVme2D+WId4FWDF4OdF1fD/tcnkxuHXjBkOeVFSj48zuZCtj9Oh8XWE\nCnd2mJ+VEOinbg7mKvrTzmCFr3HhATsCggEAAbQJaEfUX+O4u3E6UiCJ4UE2bkeM\naeyyhT7pHwEEWlbF4JTd7peoNuEX+SVzMU3IjdBvLGApvSfEkdi5akJKE8UVLKp2\nSmfCf+HWI5EcN3EwI/d9WY25KHQdeR1xm/bnhF4/rg21grKHFDkrPPomUregcKD8\n4Rq/AGol9CQejM34Z0dsZJ4ML9m943lUh2hEVYWLxDmBqgsaSZliWtZUS+PzU4jt\noNa9Pp3CJDUuZy6rfFWgtJ2MvbAYg/oCCVdlLkjXdJpv6TRsTVtEy+uBggO13g5o\nDpecWqzRUpt6DdlkltA+JPzwreF+lnrc0glvkm5Aq8eaD1ZplAA7cqMH0Q==\n-----END RSA PRIVATE KEY-----\n",
      "type": "string",
      "sensitive": true
    },
    "jenkins_public_ip": {
      "value": "54.234.1.1",
      "type": "string"
    },
    "jenkins_url": {
      "value": "http://54.234.1.1:8080",
      "type": "string"
    },
    "private_subnet_ids": {
      "value": [
        "subnet-0510f4fd986d22455",
        "subnet-004f72a2b061e1bea",
        "subnet-08d194006fa5cd380"
      ],
      "type": [
        "tuple",
        [
          "string",
          "string",
          "string"
        ]
      ]
    },
    "public_subnet_ids": {
      "value": [
        "subnet-03c85f50c256fd145",
        "subnet-08e04bb994f5049b0",
        "subnet-019aa0bd10fc2e617"
      ],
      "type": [
        "tuple",
        [
          "string",
          "string",
          "string"
        ]
      ]
    },
    "rds_database_name": {
      "value": "imeetpro_db",
      "type": "string"
    },
    "rds_endpoint": {
      "value": "imeetpro-mysql-prod.c4h2ca6qm0ed.us-east-1.rds.amazonaws.com:3306",
      "type": "string"
    },
    "redis_endpoint": {
      "value": "imeetpro-redis-prod.8jz8vx.ng.0001.use1.cache.amazonaws.com",
      "type": "string"
    },
    "vpc_id": {
      "value": "vpc-0548080f5b5023d1d",
      "type": "string"
    }
  },
  "resources": [
    {
      "module": "module.ecr",
      "mode": "managed",
      "type": "aws_ecr_lifecycle_policy",
      "name": "backend",
      "provider": "provider[\"registry.terraform.io/hashicorp/aws\"]",
      "instances": [
        {
          "schema_version": 0,
          "attributes": {
            "id": "imeetpro-backend",
            "policy": "{\"rules\":[{\"action\":{\"type\":\"expire\"},\"description\":\"Keep last 10 images\",\"rulePriority\":1,\"selection\":{\"countNumber\":10,\"countType\":\"imageCountMoreThan\",\"tagStatus\":\"any\"}}]}",
            "registry_id": "664418964913",
            "repository": "imeetpro-backend"
          },
          "sensitive_attributes": [],
          "private": "bnVsbA==",
          "dependencies": [
            "module.ecr.aws_ecr_repository.backend"
          ]
        }
      ]
    },
    {
      "module": "module.ecr",
      "mode": "managed",
      "type": "aws_ecr_lifecycle_policy",
      "name": "frontend",
      "provider": "provider[\"registry.terraform.io/hashicorp/aws\"]",
      "instances": [
        {
          "schema_version": 0,
          "attributes": {
            "id": "imeetpro-frontend",
            "policy": "{\"rules\":[{\"action\":{\"type\":\"expire\"},\"description\":\"Keep last 10 images\",\"rulePriority\":1,\"selection\":{\"countNumber\":10,\"countType\":\"imageCountMoreThan\",\"tagStatus\":\"any\"}}]}",
            "registry_id": "664418964913",
            "repository": "imeetpro-frontend"
          },
          "sensitive_attributes": [],
          "private": "bnVsbA==",
          "dependencies": [
            "module.ecr.aws_ecr_repository.frontend"
          ]
        }
      ]
    },
    {
      "module": "module.ecr",
      "mode": "managed",
      "type": "aws_ecr_repository",
      "name": "backend",
      "provider": "provider[\"registry.terraform.io/hashicorp/aws\"]",
      "instances": [
        {
          "schema_version": 0,
          "attributes": {
            "arn": "arn:aws:ecr:us-east-1:664418964913:repository/imeetpro-backend",
            "encryption_configuration": [
              {
                "encryption_type": "AES256",
                "kms_key": ""
              }
            ],
            "force_delete": null,
            "id": "imeetpro-backend",
            "image_scanning_configuration": [
              {
                "scan_on_push": true
              }
            ],
            "image_tag_mutability": "MUTABLE",
            "name": "imeetpro-backend",
            "registry_id": "664418964913",
            "repository_url": "664418964913.dkr.ecr.us-east-1.amazonaws.com/imeetpro-backend",
            "tags": {
              "Name": "imeetpro-backend"
            },
            "tags_all": {
              "Environment": "prod",
              "ManagedBy": "Terraform",
              "Name": "imeetpro-backend",
              "Project": "imeetpro"
            },
            "timeouts": null
          },
          "sensitive_attributes": [],
          "private": "eyJlMmJmYjczMC1lY2FhLTExZTYtOGY4OC0zNDM2M2JjN2M0YzAiOnsiZGVsZXRlIjoxMjAwMDAwMDAwMDAwfX0="
        }
      ]
    },
    {
      "module": "module.ecr",
      "mode": "managed",
      "type": "aws_ecr_repository",
      "name": "frontend",
      "provider": "provider[\"registry.terraform.io/hashicorp/aws\"]",
      "instances": [
        {
          "schema_version": 0,
          "attributes": {
            "arn": "arn:aws:ecr:us-east-1:664418964913:repository/imeetpro-frontend",
            "encryption_configuration": [
              {
                "encryption_type": "AES256",
                "kms_key": ""
              }
            ],
            "force_delete": null,
            "id": "imeetpro-frontend",
            "image_scanning_configuration": [
              {
                "scan_on_push": true
              }
            ],
            "image_tag_mutability": "MUTABLE",
            "name": "imeetpro-frontend",
            "registry_id": "664418964913",
            "repository_url": "664418964913.dkr.ecr.us-east-1.amazonaws.com/imeetpro-frontend",
            "tags": {
              "Name": "imeetpro-frontend"
            },
            "tags_all": {
              "Environment": "prod",
              "ManagedBy": "Terraform",
              "Name": "imeetpro-frontend",
              "Project": "imeetpro"
            },
            "timeouts": null
          },
          "sensitive_attributes": [],
          "private": "eyJlMmJmYjczMC1lY2FhLTExZTYtOGY4OC0zNDM2M2JjN2M0YzAiOnsiZGVsZXRlIjoxMjAwMDAwMDAwMDAwfX0="
        }
      ]
    },
    {
      "module": "module.eks",
      "mode": "managed",
      "type": "aws_eks_addon",
      "name": "coredns",
      "provider": "provider[\"registry.terraform.io/hashicorp/aws\"]",
      "instances": [
        {
          "schema_version": 0,
          "attributes": {
            "addon_name": "coredns",
            "addon_version": "v1.11.1-eksbuild.4",
            "arn": "arn:aws:eks:us-east-1:664418964913:addon/imeetpro-eks-prod/coredns/1ccd88e0-fafc-1127-64d8-0c6980849258",
            "cluster_name": "imeetpro-eks-prod",
            "configuration_values": "",
            "created_at": "2025-12-12T08:51:23Z",
            "id": "imeetpro-eks-prod:coredns",
            "modified_at": "2025-12-12T08:51:34Z",
            "pod_identity_association": [],
            "preserve": null,
            "resolve_conflicts": null,
            "resolve_conflicts_on_create": "OVERWRITE",
            "resolve_conflicts_on_update": "OVERWRITE",
            "service_account_role_arn": "",
            "tags": {},
            "tags_all": {
              "Environment": "prod",
              "ManagedBy": "Terraform",
              "Project": "imeetpro"
            },
            "timeouts": null
          },
          "sensitive_attributes": [],
          "private": "eyJlMmJmYjczMC1lY2FhLTExZTYtOGY4OC0zNDM2M2JjN2M0YzAiOnsiY3JlYXRlIjoxMjAwMDAwMDAwMDAwLCJkZWxldGUiOjI0MDAwMDAwMDAwMDAsInVwZGF0ZSI6MTIwMDAwMDAwMDAwMH19",
          "dependencies": [
            "module.eks.aws_eks_cluster.main",
            "module.eks.aws_eks_node_group.main",
            "module.eks.aws_iam_role.eks_cluster",
            "module.eks.aws_iam_role.eks_nodes",
            "module.eks.aws_iam_role_policy_attachment.ebs_csi_policy",
            "module.eks.aws_iam_role_policy_attachment.ecr_read_only",
            "module.eks.aws_iam_role_policy_attachment.eks_cluster_policy",
            "module.eks.aws_iam_role_policy_attachment.eks_cni_policy",
            "module.eks.aws_iam_role_policy_attachment.eks_vpc_resource_controller",
            "module.eks.aws_iam_role_policy_attachment.eks_worker_node_policy",
            "module.security_groups.aws_security_group.alb",
            "module.security_groups.aws_security_group.eks_nodes",
            "module.vpc.aws_subnet.private",
            "module.vpc.aws_vpc.main",
            "module.vpc.data.aws_availability_zones.available"
          ]
        }
      ]
    },
    {
      "module": "module.eks",
      "mode": "managed",
      "type": "aws_eks_addon",
      "name": "ebs_csi_driver",
      "provider": "provider[\"registry.terraform.io/hashicorp/aws\"]",
      "instances": [
        {
          "schema_version": 0,
          "attributes": {
            "addon_name": "aws-ebs-csi-driver",
            "addon_version": "v1.53.0-eksbuild.1",
            "arn": "arn:aws:eks:us-east-1:664418964913:addon/imeetpro-eks-prod/aws-ebs-csi-driver/7ecd88e0-fafc-b519-2ba9-a887641b3cad",
            "cluster_name": "imeetpro-eks-prod",
            "configuration_values": "",
            "created_at": "2025-12-12T08:51:22Z",
            "id": "imeetpro-eks-prod:aws-ebs-csi-driver",
            "modified_at": "2025-12-12T08:51:59Z",
            "pod_identity_association": [],
            "preserve": null,
            "resolve_conflicts": null,
            "resolve_conflicts_on_create": "OVERWRITE",
            "resolve_conflicts_on_update": "OVERWRITE",
            "service_account_role_arn": "",
            "tags": {},
            "tags_all": {
              "Environment": "prod",
              "ManagedBy": "Terraform",
              "Project": "imeetpro"
            },
            "timeouts": null
          },
          "sensitive_attributes": [],
          "private": "eyJlMmJmYjczMC1lY2FhLTExZTYtOGY4OC0zNDM2M2JjN2M0YzAiOnsiY3JlYXRlIjoxMjAwMDAwMDAwMDAwLCJkZWxldGUiOjI0MDAwMDAwMDAwMDAsInVwZGF0ZSI6MTIwMDAwMDAwMDAwMH19",
          "dependencies": [
            "module.eks.aws_eks_cluster.main",
            "module.eks.aws_eks_node_group.main",
            "module.eks.aws_iam_role.eks_cluster",
            "module.eks.aws_iam_role.eks_nodes",
            "module.eks.aws_iam_role_policy_attachment.ebs_csi_policy",
            "module.eks.aws_iam_role_policy_attachment.ecr_read_only",
            "module.eks.aws_iam_role_policy_attachment.eks_cluster_policy",
            "module.eks.aws_iam_role_policy_attachment.eks_cni_policy",
            "module.eks.aws_iam_role_policy_attachment.eks_vpc_resource_controller",
            "module.eks.aws_iam_role_policy_attachment.eks_worker_node_policy",
            "module.security_groups.aws_security_group.alb",
            "module.security_groups.aws_security_group.eks_nodes",
            "module.vpc.aws_subnet.private",
            "module.vpc.aws_vpc.main",
            "module.vpc.data.aws_availability_zones.available"
          ]
        }
      ]
    },
    {
      "module": "module.eks",
      "mode": "managed",
      "type": "aws_eks_addon",
      "name": "kube_proxy",
      "provider": "provider[\"registry.terraform.io/hashicorp/aws\"]",
      "instances": [
        {
          "schema_version": 0,
          "attributes": {
            "addon_name": "kube-proxy",
            "addon_version": "v1.29.15-eksbuild.16",
            "arn": "arn:aws:eks:us-east-1:664418964913:addon/imeetpro-eks-prod/kube-proxy/08cd88df-dc3b-0338-e9d9-78fcb01c2c6c",
            "cluster_name": "imeetpro-eks-prod",
            "configuration_values": "",
            "created_at": "2025-12-12T08:48:56Z",
            "id": "imeetpro-eks-prod:kube-proxy",
            "modified_at": "2025-12-12T08:49:02Z",
            "pod_identity_association": [],
            "preserve": null,
            "resolve_conflicts": null,
            "resolve_conflicts_on_create": "OVERWRITE",
            "resolve_conflicts_on_update": "OVERWRITE",
            "service_account_role_arn": "",
            "tags": {},
            "tags_all": {
              "Environment": "prod",
              "ManagedBy": "Terraform",
              "Project": "imeetpro"
            },
            "timeouts": null
          },
          "sensitive_attributes": [],
          "private": "eyJlMmJmYjczMC1lY2FhLTExZTYtOGY4OC0zNDM2M2JjN2M0YzAiOnsiY3JlYXRlIjoxMjAwMDAwMDAwMDAwLCJkZWxldGUiOjI0MDAwMDAwMDAwMDAsInVwZGF0ZSI6MTIwMDAwMDAwMDAwMH19",
          "dependencies": [
            "module.eks.aws_eks_cluster.main",
            "module.eks.aws_iam_role.eks_cluster",
            "module.eks.aws_iam_role_policy_attachment.eks_cluster_policy",
            "module.eks.aws_iam_role_policy_attachment.eks_vpc_resource_controller",
            "module.security_groups.aws_security_group.alb",
            "module.security_groups.aws_security_group.eks_nodes",
            "module.vpc.aws_subnet.private",
            "module.vpc.aws_vpc.main",
            "module.vpc.data.aws_availability_zones.available"
          ]
        }
      ]
    },
    {
      "module": "module.eks",
      "mode": "managed",
      "type": "aws_eks_addon",
      "name": "vpc_cni",
      "provider": "provider[\"registry.terraform.io/hashicorp/aws\"]",
      "instances": [
        {
          "schema_version": 0,
          "attributes": {
            "addon_name": "vpc-cni",
            "addon_version": "v1.20.4-eksbuild.2",
            "arn": "arn:aws:eks:us-east-1:664418964913:addon/imeetpro-eks-prod/vpc-cni/4ccd88df-dc38-5a17-8d5d-5519acdb450c",
            "cluster_name": "imeetpro-eks-prod",
            "configuration_values": "",
            "created_at": "2025-12-12T08:48:56Z",
            "id": "imeetpro-eks-prod:vpc-cni",
            "modified_at": "2025-12-12T08:49:22Z",
            "pod_identity_association": [],
            "preserve": null,
            "resolve_conflicts": null,
            "resolve_conflicts_on_create": "OVERWRITE",
            "resolve_conflicts_on_update": "OVERWRITE",
            "service_account_role_arn": "",
            "tags": {},
            "tags_all": {
              "Environment": "prod",
              "ManagedBy": "Terraform",
              "Project": "imeetpro"
            },
            "timeouts": null
          },
          "sensitive_attributes": [],
          "private": "eyJlMmJmYjczMC1lY2FhLTExZTYtOGY4OC0zNDM2M2JjN2M0YzAiOnsiY3JlYXRlIjoxMjAwMDAwMDAwMDAwLCJkZWxldGUiOjI0MDAwMDAwMDAwMDAsInVwZGF0ZSI6MTIwMDAwMDAwMDAwMH19",
          "dependencies": [
            "module.eks.aws_eks_cluster.main",
            "module.eks.aws_iam_role.eks_cluster",
            "module.eks.aws_iam_role_policy_attachment.eks_cluster_policy",
            "module.eks.aws_iam_role_policy_attachment.eks_vpc_resource_controller",
            "module.security_groups.aws_security_group.alb",
            "module.security_groups.aws_security_group.eks_nodes",
            "module.vpc.aws_subnet.private",
            "module.vpc.aws_vpc.main",
            "module.vpc.data.aws_availability_zones.available"
          ]
        }
      ]
    },
    {
      "module": "module.eks",
      "mode": "managed",
      "type": "aws_eks_cluster",
      "name": "main",
      "provider": "provider[\"registry.terraform.io/hashicorp/aws\"]",
      "instances": [
        {
          "schema_version": 1,
          "attributes": {
            "access_config": [
              {
                "authentication_mode": "CONFIG_MAP",
                "bootstrap_cluster_creator_admin_permissions": true
              }
            ],
            "arn": "arn:aws:eks:us-east-1:664418964913:cluster/imeetpro-eks-prod",
            "bootstrap_self_managed_addons": true,
            "certificate_authority": [
              {
                "data": "LS0tLS1CRUdJTiBDRVJUSUZJQ0FURS0tLS0tCk1JSURCVENDQWUyZ0F3SUJBZ0lJUHllc281Q1Bwdzh3RFFZSktvWklodmNOQVFFTEJRQXdGVEVUTUJFR0ExVUUKQXhNS2EzVmlaWEp1WlhSbGN6QWVGdzB5TlRFeU1USXdPRFF3TVRWYUZ3MHpOVEV5TVRBd09EUTFNVFZhTUJVeApFekFSQmdOVkJBTVRDbXQxWW1WeWJtVjBaWE13Z2dFaU1BMEdDU3FHU0liM0RRRUJBUVVBQTRJQkR3QXdnZ0VLCkFvSUJBUUNwQ3EyaVoxeDR5SkppVElsUWRhYkg3cEV2QU1WZE5PbWRQZ2NIckxGbzA5dmtQOHB1VFpmUUpvWngKZHJaYjBBVVYwQ3YveTZsOU5kRllIdFlCV1hGWXNxZ3hFaUVKQloyZlJzV3lBRE5jdTNpR2dtVkk5UEhzQmkrSQovT245N0NBT0NGdmdESFcyeW5tZzBtTnVQWUVHYS8xTEZqRXZYU01qbHlSUTdJcHJkSzRCbGFVNWZwVkhJUkhKCm96d2VrYlJycVZwNHhlcEdzakRVVWIvbmx3K1NZWGNzdm9JSkcyNzFVNU5UWkd5am51WlJOcmw3QUx4TFJ1NGUKeHVHQWF4ZDBCQ1dQVUc3czBQRHNLWW5TdHNRSDBrQ2tsRGNsbDF3R01KTHN0S1QrUGorRCttcG4wU0gydWh1ZQpKVXNxU09sWHJuaW04YkJkMFNjNERNUFRxQVMxQWdNQkFBR2pXVEJYTUE0R0ExVWREd0VCL3dRRUF3SUNwREFQCkJnTlZIUk1CQWY4RUJUQURBUUgvTUIwR0ExVWREZ1FXQkJTZDc4ZXpBMTVDZGJoNldhaysrSnFlZy82MGRqQVYKQmdOVkhSRUVEakFNZ2dwcmRXSmxjbTVsZEdWek1BMEdDU3FHU0liM0RRRUJDd1VBQTRJQkFRQ2VpbzlTU2FzcwprNGlMV1JiK3FQRmVFN0lDb0ROZnpRQzNUK1NKY3YzY1NuVEZGNjVFZkdkdlR0eXRPUHIwMTVsMmNRSVFnZnJ4CmREKytyLzhPZVI5TWFQSVhCN3gzMjc3a00vN3MzMmN4MXE0TkUwY1FDa3BUaUdkT2Ezcmd2OXRpZjVqRjJCVWEKVkpOYW5LRVdHOGpBNVF0UHlNZDZqakh1UjRJQzg2ZXlNT1gwUVB6K1Q5YzJqYjhUeGVQNHRLMGxicW5wblU2Nwo1UzBKOHhSNmVrVktRRUg1eGhKdDJXK2pDdkNoUFE1bmx3Uzc4UlRyNXZPeGZmQVVhSzIzTWd0K2djNjNYYUYyCnJENEJhODU2YU1CWXQvM1EwbnYzZ2hWM3paZmdVdFplVzc4b2xGNUlJRVhDQ280TWUyb09QOE1ENmxFZUcwM3kKTExHNFJ4ZEtjSkp4Ci0tLS0tRU5EIENFUlRJRklDQVRFLS0tLS0K"
              }
            ],
            "cluster_id": null,
            "compute_config": [],
            "created_at": "2025-12-12T08:38:33Z",
            "enabled_cluster_log_types": [
              "api",
              "audit",
              "authenticator"
            ],
            "encryption_config": [],
            "endpoint": "https://EE0AFF3C81149F70DA4E88F06636739E.gr7.us-east-1.eks.amazonaws.com",
            "force_update_version": null,
            "id": "imeetpro-eks-prod",
            "identity": [
              {
                "oidc": [
                  {
                    "issuer": "https://oidc.eks.us-east-1.amazonaws.com/id/EE0AFF3C81149F70DA4E88F06636739E"
                  }
                ]
              }
            ],
            "kubernetes_network_config": [
              {
                "elastic_load_balancing": [
                  {
                    "enabled": false
                  }
                ],
                "ip_family": "ipv4",
                "service_ipv4_cidr": "172.20.0.0/16",
                "service_ipv6_cidr": ""
              }
            ],
            "name": "imeetpro-eks-prod",
            "outpost_config": [],
            "platform_version": "eks.57",
            "remote_network_config": [],
            "role_arn": "arn:aws:iam::664418964913:role/imeetpro-eks-cluster-role-prod",
            "status": "ACTIVE",
            "storage_config": [],
            "tags": {
              "Name": "imeetpro-eks-prod"
            },
            "tags_all": {
              "Environment": "prod",
              "ManagedBy": "Terraform",
              "Name": "imeetpro-eks-prod",
              "Project": "imeetpro"
            },
            "timeouts": null,
            "upgrade_policy": [
              {
                "support_type": "EXTENDED"
              }
            ],
            "version": "1.29",
            "vpc_config": [
              {
                "cluster_security_group_id": "sg-0e7e3e3bef29d0116",
                "endpoint_private_access": true,
                "endpoint_public_access": true,
                "public_access_cidrs": [
                  "0.0.0.0/0"
                ],
                "security_group_ids": [
                  "sg-03be9288000a44f9b"
                ],
                "subnet_ids": [
                  "subnet-004f72a2b061e1bea",
                  "subnet-0510f4fd986d22455",
                  "subnet-08d194006fa5cd380"
                ],
                "vpc_id": "vpc-0548080f5b5023d1d"
              }
            ],
            "zonal_shift_config": []
          },
          "sensitive_attributes": [],
          "private": "eyJlMmJmYjczMC1lY2FhLTExZTYtOGY4OC0zNDM2M2JjN2M0YzAiOnsiY3JlYXRlIjoxODAwMDAwMDAwMDAwLCJkZWxldGUiOjkwMDAwMDAwMDAwMCwidXBkYXRlIjozNjAwMDAwMDAwMDAwfSwic2NoZW1hX3ZlcnNpb24iOiIxIn0=",
          "dependencies": [
            "module.eks.aws_iam_role.eks_cluster",
            "module.eks.aws_iam_role_policy_attachment.eks_cluster_policy",
            "module.eks.aws_iam_role_policy_attachment.eks_vpc_resource_controller",
            "module.security_groups.aws_security_group.alb",
            "module.security_groups.aws_security_group.eks_nodes",
            "module.vpc.aws_subnet.private",
            "module.vpc.aws_vpc.main",
            "module.vpc.data.aws_availability_zones.available"
          ]
        }
      ]
    },
    {
      "module": "module.eks",
      "mode": "managed",
      "type": "aws_eks_node_group",
      "name": "main",
      "provider": "provider[\"registry.terraform.io/hashicorp/aws\"]",
      "instances": [
        {
          "schema_version": 0,
          "attributes": {
            "ami_type": "AL2_x86_64",
            "arn": "arn:aws:eks:us-east-1:664418964913:nodegroup/imeetpro-eks-prod/imeetpro-node-group-prod/7ecd88df-dc41-6e8d-9a7d-49e536f07cc2",
            "capacity_type": "ON_DEMAND",
            "cluster_name": "imeetpro-eks-prod",
            "disk_size": 50,
            "force_update_version": null,
            "id": "imeetpro-eks-prod:imeetpro-node-group-prod",
            "instance_types": [
              "t3.large"
            ],
            "labels": {
              "environment": "prod",
              "role": "worker"
            },
            "launch_template": [],
            "node_group_name": "imeetpro-node-group-prod",
            "node_group_name_prefix": "",
            "node_repair_config": [],
            "node_role_arn": "arn:aws:iam::664418964913:role/imeetpro-eks-nodes-role-prod",
            "release_version": "1.29.15-20251120",
            "remote_access": [],
            "resources": [
              {
                "autoscaling_groups": [
                  {
                    "name": "eks-imeetpro-node-group-prod-7ecd88df-dc41-6e8d-9a7d-49e536f07cc2"
                  }
                ],
                "remote_access_security_group_id": ""
              }
            ],
            "scaling_config": [
              {
                "desired_size": 3,
                "max_size": 5,
                "min_size": 2
              }
            ],
            "status": "ACTIVE",
            "subnet_ids": [
              "subnet-004f72a2b061e1bea",
              "subnet-0510f4fd986d22455",
              "subnet-08d194006fa5cd380"
            ],
            "tags": {
              "Name": "imeetpro-node-group-prod"
            },
            "tags_all": {
              "Environment": "prod",
              "ManagedBy": "Terraform",
              "Name": "imeetpro-node-group-prod",
              "Project": "imeetpro"
            },
            "taint": [],
            "timeouts": null,
            "update_config": [
              {
                "max_unavailable": 1,
                "max_unavailable_percentage": 0
              }
            ],
            "version": "1.29"
          },
          "sensitive_attributes": [],
          "private": "eyJlMmJmYjczMC1lY2FhLTExZTYtOGY4OC0zNDM2M2JjN2M0YzAiOnsiY3JlYXRlIjozNjAwMDAwMDAwMDAwLCJkZWxldGUiOjM2MDAwMDAwMDAwMDAsInVwZGF0ZSI6MzYwMDAwMDAwMDAwMH19",
          "dependencies": [
            "module.eks.aws_eks_cluster.main",
            "module.eks.aws_iam_role.eks_cluster",
            "module.eks.aws_iam_role.eks_nodes",
            "module.eks.aws_iam_role_policy_attachment.ebs_csi_policy",
            "module.eks.aws_iam_role_policy_attachment.ecr_read_only",
            "module.eks.aws_iam_role_policy_attachment.eks_cluster_policy",
            "module.eks.aws_iam_role_policy_attachment.eks_cni_policy",
            "module.eks.aws_iam_role_policy_attachment.eks_vpc_resource_controller",
            "module.eks.aws_iam_role_policy_attachment.eks_worker_node_policy",
            "module.security_groups.aws_security_group.alb",
            "module.security_groups.aws_security_group.eks_nodes",
            "module.vpc.aws_subnet.private",
            "module.vpc.aws_vpc.main",
            "module.vpc.data.aws_availability_zones.available"
          ]
        }
      ]
    },
    {
      "module": "module.eks",
      "mode": "managed",
      "type": "aws_iam_role",
      "name": "eks_cluster",
      "provider": "provider[\"registry.terraform.io/hashicorp/aws\"]",
      "instances": [
        {
          "schema_version": 0,
          "attributes": {
            "arn": "arn:aws:iam::664418964913:role/imeetpro-eks-cluster-role-prod",
            "assume_role_policy": "{\"Statement\":[{\"Action\":\"sts:AssumeRole\",\"Effect\":\"Allow\",\"Principal\":{\"Service\":\"eks.amazonaws.com\"}}],\"Version\":\"2012-10-17\"}",
            "create_date": "2025-12-12T08:38:31Z",
            "description": "",
            "force_detach_policies": false,
            "id": "imeetpro-eks-cluster-role-prod",
            "inline_policy": [],
            "managed_policy_arns": [
              "arn:aws:iam::aws:policy/AmazonEKSClusterPolicy",
              "arn:aws:iam::aws:policy/AmazonEKSVPCResourceController"
            ],
            "max_session_duration": 3600,
            "name": "imeetpro-eks-cluster-role-prod",
            "name_prefix": "",
            "path": "/",
            "permissions_boundary": "",
            "tags": {},
            "tags_all": {
              "Environment": "prod",
              "ManagedBy": "Terraform",
              "Project": "imeetpro"
            },
            "unique_id": "AROAZVMTU2WY4FVOMUG4T"
          },
          "sensitive_attributes": [],
          "private": "bnVsbA=="
        }
      ]
    },
    {
      "module": "module.eks",
      "mode": "managed",
      "type": "aws_iam_role",
      "name": "eks_nodes",
      "provider": "provider[\"registry.terraform.io/hashicorp/aws\"]",
      "instances": [
        {
          "schema_version": 0,
          "attributes": {
            "arn": "arn:aws:iam::664418964913:role/imeetpro-eks-nodes-role-prod",
            "assume_role_policy": "{\"Statement\":[{\"Action\":\"sts:AssumeRole\",\"Effect\":\"Allow\",\"Principal\":{\"Service\":\"ec2.amazonaws.com\"}}],\"Version\":\"2012-10-17\"}",
            "create_date": "2025-12-12T08:38:31Z",
            "description": "",
            "force_detach_policies": false,
            "id": "imeetpro-eks-nodes-role-prod",
            "inline_policy": [],
            "managed_policy_arns": [
              "arn:aws:iam::aws:policy/AmazonEC2ContainerRegistryReadOnly",
              "arn:aws:iam::aws:policy/AmazonEKSWorkerNodePolicy",
              "arn:aws:iam::aws:policy/AmazonEKS_CNI_Policy",
              "arn:aws:iam::aws:policy/service-role/AmazonEBSCSIDriverPolicy"
            ],
            "max_session_duration": 3600,
            "name": "imeetpro-eks-nodes-role-prod",
            "name_prefix": "",
            "path": "/",
            "permissions_boundary": "",
            "tags": {},
            "tags_all": {
              "Environment": "prod",
              "ManagedBy": "Terraform",
              "Project": "imeetpro"
            },
            "unique_id": "AROAZVMTU2WYSGXPG3W3V"
          },
          "sensitive_attributes": [],
          "private": "bnVsbA=="
        }
      ]
    },
    {
      "module": "module.eks",
      "mode": "managed",
      "type": "aws_iam_role_policy_attachment",
      "name": "ebs_csi_policy",
      "provider": "provider[\"registry.terraform.io/hashicorp/aws\"]",
      "instances": [
        {
          "schema_version": 0,
          "attributes": {
            "id": "imeetpro-eks-nodes-role-prod-20251212083831456200000004",
            "policy_arn": "arn:aws:iam::aws:policy/service-role/AmazonEBSCSIDriverPolicy",
            "role": "imeetpro-eks-nodes-role-prod"
          },
          "sensitive_attributes": [],
          "private": "bnVsbA==",
          "dependencies": [
            "module.eks.aws_iam_role.eks_nodes"
          ]
        }
      ]
    },
    {
      "module": "module.eks",
      "mode": "managed",
      "type": "aws_iam_role_policy_attachment",
      "name": "ecr_read_only",
      "provider": "provider[\"registry.terraform.io/hashicorp/aws\"]",
      "instances": [
        {
          "schema_version": 0,
          "attributes": {
            "id": "imeetpro-eks-nodes-role-prod-20251212083831456400000005",
            "policy_arn": "arn:aws:iam::aws:policy/AmazonEC2ContainerRegistryReadOnly",
            "role": "imeetpro-eks-nodes-role-prod"
          },
          "sensitive_attributes": [],
          "private": "bnVsbA==",
          "dependencies": [
            "module.eks.aws_iam_role.eks_nodes"
          ]
        }
      ]
    },
    {
      "module": "module.eks",
      "mode": "managed",
      "type": "aws_iam_role_policy_attachment",
      "name": "eks_cluster_policy",
      "provider": "provider[\"registry.terraform.io/hashicorp/aws\"]",
      "instances": [
        {
          "schema_version": 0,
          "attributes": {
            "id": "imeetpro-eks-cluster-role-prod-20251212083831452600000003",
            "policy_arn": "arn:aws:iam::aws:policy/AmazonEKSClusterPolicy",
            "role": "imeetpro-eks-cluster-role-prod"
          },
          "sensitive_attributes": [],
          "private": "bnVsbA==",
          "dependencies": [
            "module.eks.aws_iam_role.eks_cluster"
          ]
        }
      ]
    },
    {
      "module": "module.eks",
      "mode": "managed",
      "type": "aws_iam_role_policy_attachment",
      "name": "eks_cni_policy",
      "provider": "provider[\"registry.terraform.io/hashicorp/aws\"]",
      "instances": [
        {
          "schema_version": 0,
          "attributes": {
            "id": "imeetpro-eks-nodes-role-prod-20251212083831451300000002",
            "policy_arn": "arn:aws:iam::aws:policy/AmazonEKS_CNI_Policy",
            "role": "imeetpro-eks-nodes-role-prod"
          },
          "sensitive_attributes": [],
          "private": "bnVsbA==",
          "dependencies": [
            "module.eks.aws_iam_role.eks_nodes"
          ]
        }
      ]
    },
    {
      "module": "module.eks",
      "mode": "managed",
      "type": "aws_iam_role_policy_attachment",
      "name": "eks_vpc_resource_controller",
      "provider": "provider[\"registry.terraform.io/hashicorp/aws\"]",
      "instances": [
        {
          "schema_version": 0,
          "attributes": {
            "id": "imeetpro-eks-cluster-role-prod-20251212083831510700000006",
            "policy_arn": "arn:aws:iam::aws:policy/AmazonEKSVPCResourceController",
            "role": "imeetpro-eks-cluster-role-prod"
          },
          "sensitive_attributes": [],
          "private": "bnVsbA==",
          "dependencies": [
            "module.eks.aws_iam_role.eks_cluster"
          ]
        }
      ]
    },
    {
      "module": "module.eks",
      "mode": "managed",
      "type": "aws_iam_role_policy_attachment",
      "name": "eks_worker_node_policy",
      "provider": "provider[\"registry.terraform.io/hashicorp/aws\"]",
      "instances": [
        {
          "schema_version": 0,
          "attributes": {
            "id": "imeetpro-eks-nodes-role-prod-20251212083831447000000001",
            "policy_arn": "arn:aws:iam::aws:policy/AmazonEKSWorkerNodePolicy",
            "role": "imeetpro-eks-nodes-role-prod"
          },
          "sensitive_attributes": [],
          "private": "bnVsbA==",
          "dependencies": [
            "module.eks.aws_iam_role.eks_nodes"
          ]
        }
      ]
    },
    {
      "module": "module.elasticache",
      "mode": "managed",
      "type": "aws_elasticache_replication_group",
      "name": "main",
      "provider": "provider[\"registry.terraform.io/hashicorp/aws\"]",
      "instances": [
        {
          "schema_version": 2,
          "attributes": {
            "apply_immediately": null,
            "arn": "arn:aws:elasticache:us-east-1:664418964913:replicationgroup:imeetpro-redis-prod",
            "at_rest_encryption_enabled": "true",
            "auth_token": "",
            "auth_token_update_strategy": "ROTATE",
            "auto_minor_version_upgrade": "true",
            "automatic_failover_enabled": true,
            "cluster_enabled": false,
            "cluster_mode": "disabled",
            "configuration_endpoint_address": null,
            "data_tiering_enabled": false,
            "description": "Redis cluster for imeetpro",
            "engine": "redis",
            "engine_version": "7.0",
            "engine_version_actual": "7.0.7",
            "final_snapshot_identifier": null,
            "global_replication_group_id": null,
            "id": "imeetpro-redis-prod",
            "ip_discovery": "ipv4",
            "kms_key_id": "",
            "log_delivery_configuration": [],
            "maintenance_window": "mon:05:00-mon:06:00",
            "member_clusters": [
              "imeetpro-redis-prod-001",
              "imeetpro-redis-prod-002"
            ],
            "multi_az_enabled": true,
            "network_type": "ipv4",
            "node_type": "cache.t3.medium",
            "notification_topic_arn": null,
            "num_cache_clusters": 2,
            "num_node_groups": 1,
            "parameter_group_name": "default.redis7",
            "port": 6379,
            "preferred_cache_cluster_azs": null,
            "primary_endpoint_address": "imeetpro-redis-prod.8jz8vx.ng.0001.use1.cache.amazonaws.com",
            "reader_endpoint_address": "imeetpro-redis-prod-ro.8jz8vx.ng.0001.use1.cache.amazonaws.com",
            "replicas_per_node_group": 1,
            "replication_group_id": "imeetpro-redis-prod",
            "security_group_ids": [
              "sg-0f667a67beae3e1b0"
            ],
            "security_group_names": [],
            "snapshot_arns": null,
            "snapshot_name": null,
            "snapshot_retention_limit": 7,
            "snapshot_window": "03:00-04:00",
            "subnet_group_name": "imeetpro-redis-subnet-prod",
            "tags": {
              "Name": "imeetpro-redis-prod"
            },
            "tags_all": {
              "Environment": "prod",
              "ManagedBy": "Terraform",
              "Name": "imeetpro-redis-prod",
              "Project": "imeetpro"
            },
            "timeouts": null,
            "transit_encryption_enabled": false,
            "transit_encryption_mode": "",
            "user_group_ids": null
          },
          "sensitive_attributes": [],
          "private": "eyJlMmJmYjczMC1lY2FhLTExZTYtOGY4OC0zNDM2M2JjN2M0YzAiOnsiY3JlYXRlIjozNjAwMDAwMDAwMDAwLCJkZWxldGUiOjI3MDAwMDAwMDAwMDAsInVwZGF0ZSI6MjQwMDAwMDAwMDAwMH0sInNjaGVtYV92ZXJzaW9uIjoiMiJ9",
          "dependencies": [
            "module.elasticache.aws_elasticache_subnet_group.main",
            "module.security_groups.aws_security_group.alb",
            "module.security_groups.aws_security_group.eks_nodes",
            "module.security_groups.aws_security_group.redis",
            "module.vpc.aws_subnet.private",
            "module.vpc.aws_vpc.main",
            "module.vpc.data.aws_availability_zones.available"
          ]
        }
      ]
    },
    {
      "module": "module.elasticache",
      "mode": "managed",
      "type": "aws_elasticache_subnet_group",
      "name": "main",
      "provider": "provider[\"registry.terraform.io/hashicorp/aws\"]",
      "instances": [
        {
          "schema_version": 0,
          "attributes": {
            "arn": "arn:aws:elasticache:us-east-1:664418964913:subnetgroup:imeetpro-redis-subnet-prod",
            "description": "Redis subnet group for imeetpro",
            "id": "imeetpro-redis-subnet-prod",
            "name": "imeetpro-redis-subnet-prod",
            "subnet_ids": [
              "subnet-004f72a2b061e1bea",
              "subnet-0510f4fd986d22455",
              "subnet-08d194006fa5cd380"
            ],
            "tags": {
              "Name": "imeetpro-redis-subnet-prod"
            },
            "tags_all": {
              "Environment": "prod",
              "ManagedBy": "Terraform",
              "Name": "imeetpro-redis-subnet-prod",
              "Project": "imeetpro"
            },
            "vpc_id": "vpc-0548080f5b5023d1d"
          },
          "sensitive_attributes": [],
          "private": "bnVsbA==",
          "dependencies": [
            "module.vpc.aws_subnet.private",
            "module.vpc.aws_vpc.main",
            "module.vpc.data.aws_availability_zones.available"
          ]
        }
      ]
    },
    {
      "module": "module.jenkins",
      "mode": "data",
      "type": "aws_ami",
      "name": "amazon_linux",
      "provider": "provider[\"registry.terraform.io/hashicorp/aws\"]",
      "instances": [
        {
          "schema_version": 0,
          "attributes": {
            "architecture": "x86_64",
            "arn": "arn:aws:ec2:us-east-1::image/ami-051b98ceceb268091",
            "block_device_mappings": [
              {
                "device_name": "/dev/xvda",
                "ebs": {
                  "delete_on_termination": "true",
                  "encrypted": "false",
                  "iops": "3000",
                  "snapshot_id": "snap-02be91e263bca20da",
                  "throughput": "125",
                  "volume_initialization_rate": "0",
                  "volume_size": "30",
                  "volume_type": "gp3"
                },
                "no_device": "",
                "virtual_name": ""
              }
            ],
            "boot_mode": "uefi-preferred",
            "creation_date": "2025-12-09T22:10:37.000Z",
            "deprecation_time": "2027-12-09T22:10:37.000Z",
            "description": "Amazon Linux AMI 2023.0.20251209 x86_64 ECS HVM EBS",
            "ena_support": true,
            "executable_users": null,
            "filter": [
              {
                "name": "name",
                "values": [
                  "al2023-ami-*-x86_64"
                ]
              },
              {
                "name": "virtualization-type",
                "values": [
                  "hvm"
                ]
              }
            ],
            "hypervisor": "xen",
            "id": "ami-051b98ceceb268091",
            "image_id": "ami-051b98ceceb268091",
            "image_location": "amazon/al2023-ami-ecs-hvm-2023.0.20251209-kernel-6.1-x86_64",
            "image_owner_alias": "amazon",
            "image_type": "machine",
            "imds_support": "v2.0",
            "include_deprecated": false,
            "kernel_id": "",
            "last_launched_time": "",
            "most_recent": true,
            "name": "al2023-ami-ecs-hvm-2023.0.20251209-kernel-6.1-x86_64",
            "name_regex": null,
            "owner_id": "591542846629",
            "owners": [
              "amazon"
            ],
            "platform": "",
            "platform_details": "Linux/UNIX",
            "product_codes": [],
            "public": true,
            "ramdisk_id": "",
            "root_device_name": "/dev/xvda",
            "root_device_type": "ebs",
            "root_snapshot_id": "snap-02be91e263bca20da",
            "sriov_net_support": "simple",
            "state": "available",
            "state_reason": {
              "code": "UNSET",
              "message": "UNSET"
            },
            "tags": {},
            "timeouts": null,
            "tpm_support": "",
            "uefi_data": null,
            "usage_operation": "RunInstances",
            "virtualization_type": "hvm"
          },
          "sensitive_attributes": []
        }
      ]
    },
    {
      "module": "module.jenkins",
      "mode": "managed",
      "type": "aws_iam_instance_profile",
      "name": "jenkins",
      "provider": "provider[\"registry.terraform.io/hashicorp/aws\"]",
      "instances": [
        {
          "schema_version": 0,
          "attributes": {
            "arn": "arn:aws:iam::664418964913:instance-profile/imeetpro-jenkins-profile-prod",
            "create_date": "2025-12-12T07:40:34Z",
            "id": "imeetpro-jenkins-profile-prod",
            "name": "imeetpro-jenkins-profile-prod",
            "name_prefix": "",
            "path": "/",
            "role": "imeetpro-jenkins-role-prod",
            "tags": {},
            "tags_all": {
              "Environment": "prod",
              "ManagedBy": "Terraform",
              "Project": "imeetpro"
            },
            "unique_id": "AIPAZVMTU2WYQRKD67EFB"
          },
          "sensitive_attributes": [],
          "private": "bnVsbA==",
          "dependencies": [
            "module.jenkins.aws_iam_role.jenkins"
          ]
        }
      ]
    },
    {
      "module": "module.jenkins",
      "mode": "managed",
      "type": "aws_iam_role",
      "name": "jenkins",
      "provider": "provider[\"registry.terraform.io/hashicorp/aws\"]",
      "instances": [
        {
          "schema_version": 0,
          "attributes": {
            "arn": "arn:aws:iam::664418964913:role/imeetpro-jenkins-role-prod",
            "assume_role_policy": "{\"Statement\":[{\"Action\":\"sts:AssumeRole\",\"Effect\":\"Allow\",\"Principal\":{\"Service\":\"ec2.amazonaws.com\"}}],\"Version\":\"2012-10-17\"}",
            "create_date": "2025-12-12T07:40:33Z",
            "description": "",
            "force_detach_policies": false,
            "id": "imeetpro-jenkins-role-prod",
            "inline_policy": [
              {
                "name": "imeetpro-jenkins-custom-policy-prod",
                "policy": "{\"Version\":\"2012-10-17\",\"Statement\":[{\"Action\":[\"eks:DescribeCluster\",\"eks:ListClusters\",\"eks:AccessKubernetesApi\"],\"Effect\":\"Allow\",\"Resource\":\"*\"},{\"Action\":[\"ecr:GetAuthorizationToken\",\"ecr:BatchCheckLayerAvailability\",\"ecr:GetDownloadUrlForLayer\",\"ecr:BatchGetImage\",\"ecr:PutImage\",\"ecr:InitiateLayerUpload\",\"ecr:UploadLayerPart\",\"ecr:CompleteLayerUpload\"],\"Effect\":\"Allow\",\"Resource\":\"*\"}]}"
              }
            ],
            "managed_policy_arns": [
              "arn:aws:iam::aws:policy/AmazonEC2ContainerRegistryFullAccess",
              "arn:aws:iam::aws:policy/AmazonEKSClusterPolicy",
              "arn:aws:iam::aws:policy/AmazonEKSWorkerNodePolicy",
              "arn:aws:iam::aws:policy/AmazonSSMManagedInstanceCore"
            ],
            "max_session_duration": 3600,
            "name": "imeetpro-jenkins-role-prod",
            "name_prefix": "",
            "path": "/",
            "permissions_boundary": "",
            "tags": {
              "Name": "imeetpro-jenkins-role-prod"
            },
            "tags_all": {
              "Environment": "prod",
              "ManagedBy": "Terraform",
              "Name": "imeetpro-jenkins-role-prod",
              "Project": "imeetpro"
            },
            "unique_id": "AROAZVMTU2WYQOACUMZ2Q"
          },
          "sensitive_attributes": [],
          "private": "bnVsbA=="
        }
      ]
    },
    {
      "module": "module.jenkins",
      "mode": "managed",
      "type": "aws_iam_role_policy",
      "name": "jenkins_custom",
      "provider": "provider[\"registry.terraform.io/hashicorp/aws\"]",
      "instances": [
        {
          "schema_version": 0,
          "attributes": {
            "id": "imeetpro-jenkins-role-prod:imeetpro-jenkins-custom-policy-prod",
            "name": "imeetpro-jenkins-custom-policy-prod",
            "name_prefix": "",
            "policy": "{\"Version\":\"2012-10-17\",\"Statement\":[{\"Action\":[\"eks:DescribeCluster\",\"eks:ListClusters\",\"eks:AccessKubernetesApi\"],\"Effect\":\"Allow\",\"Resource\":\"*\"},{\"Action\":[\"ecr:GetAuthorizationToken\",\"ecr:BatchCheckLayerAvailability\",\"ecr:GetDownloadUrlForLayer\",\"ecr:BatchGetImage\",\"ecr:PutImage\",\"ecr:InitiateLayerUpload\",\"ecr:UploadLayerPart\",\"ecr:CompleteLayerUpload\"],\"Effect\":\"Allow\",\"Resource\":\"*\"}]}",
            "role": "imeetpro-jenkins-role-prod"
          },
          "sensitive_attributes": [],
          "private": "bnVsbA==",
          "dependencies": [
            "module.jenkins.aws_iam_role.jenkins"
          ]
        }
      ]
    },
    {
      "module": "module.jenkins",
      "mode": "managed",
      "type": "aws_iam_role_policy_attachment",
      "name": "jenkins_ecr",
      "provider": "provider[\"registry.terraform.io/hashicorp/aws\"]",
      "instances": [
        {
          "schema_version": 0,
          "attributes": {
            "id": "imeetpro-jenkins-role-prod-20251212074034046300000001",
            "policy_arn": "arn:aws:iam::aws:policy/AmazonEC2ContainerRegistryFullAccess",
            "role": "imeetpro-jenkins-role-prod"
          },
          "sensitive_attributes": [],
          "private": "bnVsbA==",
          "dependencies": [
            "module.jenkins.aws_iam_role.jenkins"
          ]
        }
      ]
    },
    {
      "module": "module.jenkins",
      "mode": "managed",
      "type": "aws_iam_role_policy_attachment",
      "name": "jenkins_eks",
      "provider": "provider[\"registry.terraform.io/hashicorp/aws\"]",
      "instances": [
        {
          "schema_version": 0,
          "attributes": {
            "id": "imeetpro-jenkins-role-prod-20251212074034108900000003",
            "policy_arn": "arn:aws:iam::aws:policy/AmazonEKSClusterPolicy",
            "role": "imeetpro-jenkins-role-prod"
          },
          "sensitive_attributes": [],
          "private": "bnVsbA==",
          "dependencies": [
            "module.jenkins.aws_iam_role.jenkins"
          ]
        }
      ]
    },
    {
      "module": "module.jenkins",
      "mode": "managed",
      "type": "aws_iam_role_policy_attachment",
      "name": "jenkins_eks_worker",
      "provider": "provider[\"registry.terraform.io/hashicorp/aws\"]",
      "instances": [
        {
          "schema_version": 0,
          "attributes": {
            "id": "imeetpro-jenkins-role-prod-20251212074034109900000004",
            "policy_arn": "arn:aws:iam::aws:policy/AmazonEKSWorkerNodePolicy",
            "role": "imeetpro-jenkins-role-prod"
          },
          "sensitive_attributes": [],
          "private": "bnVsbA==",
          "dependencies": [
            "module.jenkins.aws_iam_role.jenkins"
          ]
        }
      ]
    },
    {
      "module": "module.jenkins",
      "mode": "managed",
      "type": "aws_iam_role_policy_attachment",
      "name": "jenkins_ssm",
      "provider": "provider[\"registry.terraform.io/hashicorp/aws\"]",
      "instances": [
        {
          "schema_version": 0,
          "attributes": {
            "id": "imeetpro-jenkins-role-prod-20251212074034055600000002",
            "policy_arn": "arn:aws:iam::aws:policy/AmazonSSMManagedInstanceCore",
            "role": "imeetpro-jenkins-role-prod"
          },
          "sensitive_attributes": [],
          "private": "bnVsbA==",
          "dependencies": [
            "module.jenkins.aws_iam_role.jenkins"
          ]
        }
      ]
    },
    {
      "module": "module.jenkins",
      "mode": "managed",
      "type": "aws_instance",
      "name": "jenkins",
      "provider": "provider[\"registry.terraform.io/hashicorp/aws\"]",
      "instances": [
        {
          "schema_version": 1,
          "attributes": {
            "ami": "ami-051b98ceceb268091",
            "arn": "arn:aws:ec2:us-east-1:664418964913:instance/i-0f296da334f627083",
            "associate_public_ip_address": true,
            "availability_zone": "us-east-1a",
            "capacity_reservation_specification": [
              {
                "capacity_reservation_preference": "open",
                "capacity_reservation_target": []
              }
            ],
            "cpu_core_count": 1,
            "cpu_options": [
              {
                "amd_sev_snp": "",
                "core_count": 1,
                "threads_per_core": 2
              }
            ],
            "cpu_threads_per_core": 2,
            "credit_specification": [
              {
                "cpu_credits": "unlimited"
              }
            ],
            "disable_api_stop": false,
            "disable_api_termination": false,
            "ebs_block_device": [],
            "ebs_optimized": false,
            "enable_primary_ipv6": null,
            "enclave_options": [
              {
                "enabled": false
              }
            ],
            "ephemeral_block_device": [],
            "get_password_data": false,
            "hibernation": false,
            "host_id": "",
            "host_resource_group_arn": null,
            "iam_instance_profile": "imeetpro-jenkins-profile-prod",
            "id": "i-0f296da334f627083",
            "instance_initiated_shutdown_behavior": "stop",
            "instance_lifecycle": "",
            "instance_market_options": [],
            "instance_state": "running",
            "instance_type": "t3.medium",
            "ipv6_address_count": 0,
            "ipv6_addresses": [],
            "key_name": "imeetpro-jenkins-key-prod",
            "launch_template": [],
            "maintenance_options": [
              {
                "auto_recovery": "default"
              }
            ],
            "metadata_options": [
              {
                "http_endpoint": "enabled",
                "http_protocol_ipv6": "disabled",
                "http_put_response_hop_limit": 2,
                "http_tokens": "required",
                "instance_metadata_tags": "disabled"
              }
            ],
            "monitoring": false,
            "network_interface": [],
            "outpost_arn": "",
            "password_data": "",
            "placement_group": "",
            "placement_partition_number": 0,
            "primary_network_interface_id": "eni-063aaf33e4711e0cf",
            "private_dns": "ip-10-0-10-9.ec2.internal",
            "private_dns_name_options": [
              {
                "enable_resource_name_dns_a_record": false,
                "enable_resource_name_dns_aaaa_record": false,
                "hostname_type": "ip-name"
              }
            ],
            "private_ip": "10.0.10.9",
            "public_dns": "ec2-54-234-1-1.compute-1.amazonaws.com",
            "public_ip": "54.234.1.1",
            "root_block_device": [
              {
                "delete_on_termination": true,
                "device_name": "/dev/xvda",
                "encrypted": true,
                "iops": 3000,
                "kms_key_id": "arn:aws:kms:us-east-1:664418964913:key/5d5f1c86-56c8-4121-b58d-ba33803380b7",
                "tags": {},
                "tags_all": {
                  "Environment": "prod",
                  "ManagedBy": "Terraform",
                  "Project": "imeetpro"
                },
                "throughput": 125,
                "volume_id": "vol-0fdaeaae19cf142d2",
                "volume_size": 50,
                "volume_type": "gp3"
              }
            ],
            "secondary_private_ips": [],
            "security_groups": [],
            "source_dest_check": true,
            "spot_instance_request_id": "",
            "subnet_id": "subnet-03c85f50c256fd145",
            "tags": {
              "Name": "imeetpro-jenkins-prod"
            },
            "tags_all": {
              "Environment": "prod",
              "ManagedBy": "Terraform",
              "Name": "imeetpro-jenkins-prod",
              "Project": "imeetpro"
            },
            "tenancy": "default",
            "timeouts": null,
            "user_data": "c2c3730936eed767108e642984b125377cdd39c2",
            "user_data_base64": null,
            "user_data_replace_on_change": false,
            "volume_tags": null,
            "vpc_security_group_ids": [
              "sg-0121b3db81bcc89c4"
            ]
          },
          "sensitive_attributes": [],
          "private": "eyJlMmJmYjczMC1lY2FhLTExZTYtOGY4OC0zNDM2M2JjN2M0YzAiOnsiY3JlYXRlIjo2MDAwMDAwMDAwMDAsImRlbGV0ZSI6MTIwMDAwMDAwMDAwMCwicmVhZCI6OTAwMDAwMDAwMDAwLCJ1cGRhdGUiOjYwMDAwMDAwMDAwMH0sInNjaGVtYV92ZXJzaW9uIjoiMSJ9",
          "dependencies": [
            "module.jenkins.aws_iam_instance_profile.jenkins",
            "module.jenkins.aws_iam_role.jenkins",
            "module.jenkins.aws_key_pair.jenkins",
            "module.jenkins.data.aws_ami.amazon_linux",
            "module.jenkins.tls_private_key.jenkins",
            "module.security_groups.aws_security_group.jenkins",
            "module.vpc.aws_subnet.public",
            "module.vpc.aws_vpc.main",
            "module.vpc.data.aws_availability_zones.available"
          ]
        }
      ]
    },
    {
      "module": "module.jenkins",
      "mode": "managed",
      "type": "aws_key_pair",
      "name": "jenkins",
      "provider": "provider[\"registry.terraform.io/hashicorp/aws\"]",
      "instances": [
        {
          "schema_version": 1,
          "attributes": {
            "arn": "arn:aws:ec2:us-east-1:664418964913:key-pair/imeetpro-jenkins-key-prod",
            "fingerprint": "54:fc:5d:87:d8:8d:7a:82:0c:ca:ed:b4:f7:1a:cb:22",
            "id": "imeetpro-jenkins-key-prod",
            "key_name": "imeetpro-jenkins-key-prod",
            "key_name_prefix": "",
            "key_pair_id": "key-0287d22155db03106",
            "key_type": "rsa",
            "public_key": "ssh-rsa AAAAB3NzaC1yc2EAAAADAQABAAACAQDIZqu73lF/udKRdp8bh/JXQHjiLwAzGMS9Dt3bZbW7ZWVrLbrF4fvHc2XA48HIbRvXoRR9wAnxosrPy+GmuwDEmcJppSiBUYDYNT2bU1EMu0gr/+nbPCw45N9B82+UkkKaSMa3uhULf0skxtOmGbz+ycuyD22ozOSUzs1vnGzeZUVre9T6BCXFJiFaQSpjn1gOSNM5ryZTQofmdk8tiof/wOQ/+90tDiPc0qbMD8a8T8f67+XHWppXVuhn2mlnIHbfo69BT3psTYtBFIc+4FX4Ww2z1wVdiveKQM+08/aEthBlj9JmPC18O1yYK3VpG8R/fEyQ3wTVa8pwdSnWFoQ6FWlKHzOFP8hY4wv4wUCcKyMgn7JYgTACKUawl8MXUxnGRXVWe9H/wsZn/ryobrpZF6/FefhrgUijbYIISM1wEdTLsjUROS8im4MGX7sxYpBM9jD1SPpREDD10+IMqpH43SuWsvF9lS2a929aMhaD4X8geveVJuhudNONzcFjtowICXDCx3uBAA0nOx5HWecFC6OIRT38d3laKbHsYuFt2577GvFr3eh1Yua8wVra908PxWrsx4nWaylr2495l+GYJjdiRMxbKpO3c51ZsMyRivm51fDCNDAcQ2ZXXVCxVYQbaBB8My7hkhLb1QUcxm7OGTYXU9XvIORY2lxxZKP3ZQ==",
            "tags": {
              "Name": "imeetpro-jenkins-key-prod"
            },
            "tags_all": {
              "Environment": "prod",
              "ManagedBy": "Terraform",
              "Name": "imeetpro-jenkins-key-prod",
              "Project": "imeetpro"
            }
          },
          "sensitive_attributes": [],
          "private": "eyJzY2hlbWFfdmVyc2lvbiI6IjEifQ==",
          "dependencies": [
            "module.jenkins.tls_private_key.jenkins"
          ]
        }
      ]
    },
    {
      "module": "module.jenkins",
      "mode": "managed",
      "type": "tls_private_key",
      "name": "jenkins",
      "provider": "provider[\"registry.terraform.io/hashicorp/tls\"]",
      "instances": [
        {
          "schema_version": 1,
          "attributes": {
            "algorithm": "RSA",
            "ecdsa_curve": "P224",
            "id": "3e6ba5f7e46cb4b472bd8b1c797dfc1a01e88268",
            "private_key_openssh": "-----BEGIN OPENSSH PRIVATE KEY-----\nb3BlbnNzaC1rZXktdjEAAAAABG5vbmUAAAAEbm9uZQAAAAAAAAABAAACFwAAAAdz\nc2gtcnNhAAAAAwEAAQAAAgEAyGaru95Rf7nSkXafG4fyV0B44i8AMxjEvQ7d22W1\nu2Vlay26xeH7x3NlwOPByG0b16EUfcAJ8aLKz8vhprsAxJnCaaUogVGA2DU9m1NR\nDLtIK//p2zwsOOTfQfNvlJJCmkjGt7oVC39LJMbTphm8/snLsg9tqMzklM7Nb5xs\n3mVFa3vU+gQlxSYhWkEqY59YDkjTOa8mU0KH5nZPLYqH/8DkP/vdLQ4j3NKmzA/G\nvE/H+u/lx1qaV1boZ9ppZyB236OvQU96bE2LQRSHPuBV+FsNs9cFXYr3ikDPtPP2\nhLYQZY/SZjwtfDtcmCt1aRvEf3xMkN8E1WvKcHUp1haEOhVpSh8zhT/IWOML+MFA\nnCsjIJ+yWIEwAilGsJfDF1MZxkV1VnvR/8LGZ/68qG66WRevxXn4a4FIo22CCEjN\ncBHUy7I1ETkvIpuDBl+7MWKQTPYw9Uj6URAw9dPiDKqR+N0rlrLxfZUtmvdvWjIW\ng+F/IHr3lSbobnTTjc3BY7aMCAlwwsd7gQANJzseR1nnBQujiEU9/Hd5Wimx7GLh\nbdue+xrxa93odWLmvMFa2vdPD8Vq7MeJ1mspa9uPeZfhmCY3YkTMWyqTt3OdWbDM\nkYr5udXwwjQwHENmV11QsVWEG2gQfDMu4ZIS29UFHMZuzhk2F1PV7yDkWNpccWSj\n92UAAAc4FLC4MBSwuDAAAAAHc3NoLXJzYQAAAgEAyGaru95Rf7nSkXafG4fyV0B4\n4i8AMxjEvQ7d22W1u2Vlay26xeH7x3NlwOPByG0b16EUfcAJ8aLKz8vhprsAxJnC\naaUogVGA2DU9m1NRDLtIK//p2zwsOOTfQfNvlJJCmkjGt7oVC39LJMbTphm8/snL\nsg9tqMzklM7Nb5xs3mVFa3vU+gQlxSYhWkEqY59YDkjTOa8mU0KH5nZPLYqH/8Dk\nP/vdLQ4j3NKmzA/GvE/H+u/lx1qaV1boZ9ppZyB236OvQU96bE2LQRSHPuBV+FsN\ns9cFXYr3ikDPtPP2hLYQZY/SZjwtfDtcmCt1aRvEf3xMkN8E1WvKcHUp1haEOhVp\nSh8zhT/IWOML+MFAnCsjIJ+yWIEwAilGsJfDF1MZxkV1VnvR/8LGZ/68qG66WRev\nxXn4a4FIo22CCEjNcBHUy7I1ETkvIpuDBl+7MWKQTPYw9Uj6URAw9dPiDKqR+N0r\nlrLxfZUtmvdvWjIWg+F/IHr3lSbobnTTjc3BY7aMCAlwwsd7gQANJzseR1nnBQuj\niEU9/Hd5Wimx7GLhbdue+xrxa93odWLmvMFa2vdPD8Vq7MeJ1mspa9uPeZfhmCY3\nYkTMWyqTt3OdWbDMkYr5udXwwjQwHENmV11QsVWEG2gQfDMu4ZIS29UFHMZuzhk2\nF1PV7yDkWNpccWSj92UAAAADAQABAAACAFQ4yh4HnirW1scpmk7AwLmor+UnKadP\n1oc6M0VcppbeU1RLAL7fbahyOCZr0epA6L2jxe/fgI5cA253WhtvZjA6CrnJno9S\nyJqVLZIU3vBB2WAcipUH4fH7RlT6UT+YhINA6LsYanXNhrArG5IoKQTPnFr2Hvkd\nO0fK7g3lKOACob09atG0YodLsiKzVnRN6H0AYD1S/gFp6aGSwU37dZKn54V4fYjM\n84d/xHfofXZw9TPiFKjGzCy+qqfS5A9iVnNA4IvLMkFICalNTlW/hIH/CnA1gtzA\nZa5l9KUxDr7RoWx9mEg9LESU0iJlyU9mSxvlCmysPeTQC2Fd7Do8dk8QU2bdaSuv\ny/AEibwAZeCT5mCoX3N4W/KqThDb5pZEc05GKTrWPd9izbM3DQBv0ElEXUT0TQUi\nIESyciv9Kb3BMRpvE5sDQo/Nf03AUMs7NJAg3VVolQ3aaEX1hT86ro/1lJ9V8Nsm\n3fhgf0Gvvlwj/XiQg7EThf+va3Sw/Hs6xUS6f3tzFADu23iB12VqRTK1Kv1RanKC\nvVaek7f3aCogULXpnXOX6TMtdvjNbDwpkGLHakFOsUPiQKlUR+htEz1GiichEAmV\nTs1yKWaP0Ag1jGUQDOuibAthedlWjdxUy20UWCuRMUHh3Z4iKFPrUDIGx87nNV0V\nSPo95Nqd+4UVAAABAAG0CWhH1F/juLtxOlIgieFBNm5HjGnssoU+6R8BBFpWxeCU\n3e6XqDbhF/klczFNyI3QbyxgKb0nxJHYuWpCShPFFSyqdkpnwn/h1iORHDdxMCP3\nfVmNuSh0HXkdcZv254ReP64NtYKyhxQ5Kzz6JlK3oHCg/OEavwBqJfQkHozN+GdH\nbGSeDC/ZveN5VIdoRFWFi8Q5gaoLGkmZYlrWVEvj81OI7aDWvT6dwiQ1Lmcuq3xV\noLSdjL2wGIP6AglXZS5I13Sab+k0bE1bRMvrgYIDtd4OaA6XnFqs0VKbeg3ZZJbQ\nPiT88K3hfpZ63NIJb5JuQKvHmg9WaZQAO3KjB9EAAAEBANiXk6g2qXyzeYCISCS7\n+LOASBpgLTPcmfq6gSxTlx4C+vzuF6OAmWlTZMigI5R6FDvkBAOAYc6RtkwoWyKl\nhshG4NH0lec3w7fWWly17iLJilgBMgQHIFJZQp9NpkTp2Iv1zYUvNBLk5VgM0rwE\nGJxJ/cNism+uz8sWoHB0+rwnGK723ld/VJ6uYIA6Hv+XgLWjb3IxSsrEqZxtabeI\nS1nqRez8lOk/7n5AKQMwNFKKTWSmnbHiadeh78HZ2Jb0g/5X167BEVioNefQeX0D\ns+rqrUkGvzzg/FvKr6bBwcL5o+p2zcVpHDd20P4GK569ClRHaAO0gJNSFDkmijBV\ngksAAAEBAOzc8ra/gRDoig5tyXH6YdmOAJBmKceN/YZA6DbhRiAWWbo0kgbi6zo4\nAFBUT0VpG8emThMoI0jfqn2vA9O01gxXe5TOvk6rsZxBDqYw1JtSBtrGBBvkP/+7\nA3wBpoocp8saUjsmjlQSAju5BciWroEAyJQhN/kC4dcYGLNrlP6qRutsPTa+tVZC\nbKwTnP5HjTyZ5hdIejGVDDJrYm9EVoFYTJNWisiOu9QriIVIl7MpJ+nhPHVym2qB\n3Y3tKqf688aLwQW3dssMNOKJ3VZrgG6+2/RQ86U7WP8QuymyjbtYo8pmIBHqgviY\nAi3sb5LcDUL1dEYZas+Bop4T0LQm3w8AAAAAAQID\n-----END OPENSSH PRIVATE KEY-----\n",
            "private_key_pem": "-----BEGIN RSA PRIVATE KEY-----\nMIIJJwIBAAKCAgEAyGaru95Rf7nSkXafG4fyV0B44i8AMxjEvQ7d22W1u2Vlay26\nxeH7x3NlwOPByG0b16EUfcAJ8aLKz8vhprsAxJnCaaUogVGA2DU9m1NRDLtIK//p\n2zwsOOTfQfNvlJJCmkjGt7oVC39LJMbTphm8/snLsg9tqMzklM7Nb5xs3mVFa3vU\n+gQlxSYhWkEqY59YDkjTOa8mU0KH5nZPLYqH/8DkP/vdLQ4j3NKmzA/GvE/H+u/l\nx1qaV1boZ9ppZyB236OvQU96bE2LQRSHPuBV+FsNs9cFXYr3ikDPtPP2hLYQZY/S\nZjwtfDtcmCt1aRvEf3xMkN8E1WvKcHUp1haEOhVpSh8zhT/IWOML+MFAnCsjIJ+y\nWIEwAilGsJfDF1MZxkV1VnvR/8LGZ/68qG66WRevxXn4a4FIo22CCEjNcBHUy7I1\nETkvIpuDBl+7MWKQTPYw9Uj6URAw9dPiDKqR+N0rlrLxfZUtmvdvWjIWg+F/IHr3\nlSbobnTTjc3BY7aMCAlwwsd7gQANJzseR1nnBQujiEU9/Hd5Wimx7GLhbdue+xrx\na93odWLmvMFa2vdPD8Vq7MeJ1mspa9uPeZfhmCY3YkTMWyqTt3OdWbDMkYr5udXw\nwjQwHENmV11QsVWEG2gQfDMu4ZIS29UFHMZuzhk2F1PV7yDkWNpccWSj92UCAwEA\nAQKCAgBUOMoeB54q1tbHKZpOwMC5qK/lJymnT9aHOjNFXKaW3lNUSwC+322ocjgm\na9HqQOi9o8Xv34COXANud1obb2YwOgq5yZ6PUsialS2SFN7wQdlgHIqVB+Hx+0ZU\n+lE/mISDQOi7GGp1zYawKxuSKCkEz5xa9h75HTtHyu4N5SjgAqG9PWrRtGKHS7Ii\ns1Z0Teh9AGA9Uv4BaemhksFN+3WSp+eFeH2IzPOHf8R36H12cPUz4hSoxswsvqqn\n0uQPYlZzQOCLyzJBSAmpTU5Vv4SB/wpwNYLcwGWuZfSlMQ6+0aFsfZhIPSxElNIi\nZclPZksb5QpsrD3k0AthXew6PHZPEFNm3Wkrr8vwBIm8AGXgk+ZgqF9zeFvyqk4Q\n2+aWRHNORik61j3fYs2zNw0Ab9BJRF1E9E0FIiBEsnIr/Sm9wTEabxObA0KPzX9N\nwFDLOzSQIN1VaJUN2mhF9YU/Oq6P9ZSfVfDbJt34YH9Br75cI/14kIOxE4X/r2t0\nsPx7OsVEun97cxQA7tt4gddlakUytSr9UWpygr1WnpO392gqIFC16Z1zl+kzLXb4\nzWw8KZBix2pBTrFD4kCpVEfobRM9RoonIRAJlU7Ncilmj9AINYxlEAzromwLYXnZ\nVo3cVMttFFgrkTFB4d2eIihT61AyBsfO5zVdFUj6PeTanfuFFQKCAQEA2JeTqDap\nfLN5gIhIJLv4s4BIGmAtM9yZ+rqBLFOXHgL6/O4Xo4CZaVNkyKAjlHoUO+QEA4Bh\nzpG2TChbIqWGyEbg0fSV5zfDt9ZaXLXuIsmKWAEyBAcgUllCn02mROnYi/XNhS80\nEuTlWAzSvAQYnEn9w2Kyb67PyxagcHT6vCcYrvbeV39Unq5ggDoe/5eAtaNvcjFK\nysSpnG1pt4hLWepF7PyU6T/ufkApAzA0UopNZKadseJp16HvwdnYlvSD/lfXrsER\nWKg159B5fQOz6uqtSQa/POD8W8qvpsHBwvmj6nbNxWkcN3bQ/gYrnr0KVEdoA7SA\nk1IUOSaKMFWCSwKCAQEA7Nzytr+BEOiKDm3Jcfph2Y4AkGYpx439hkDoNuFGIBZZ\nujSSBuLrOjgAUFRPRWkbx6ZOEygjSN+qfa8D07TWDFd7lM6+TquxnEEOpjDUm1IG\n2sYEG+Q//7sDfAGmihynyxpSOyaOVBICO7kFyJaugQDIlCE3+QLh1xgYs2uU/qpG\n62w9Nr61VkJsrBOc/keNPJnmF0h6MZUMMmtib0RWgVhMk1aKyI671CuIhUiXsykn\n6eE8dXKbaoHdje0qp/rzxovBBbd2yww04ondVmuAbr7b9FDzpTtY/xC7KbKNu1ij\nymYgEeqC+JgCLexvktwNQvV0Rhlqz4GinhPQtCbfDwKCAQANM/g5SdO9GUev0R7s\ntlSrxIcgrHo07h6ozROwuwu8NZxNLMpeGim/5OiA3los4+A14mloOTw9Fl7Rd6hO\njV6Q+Nkdk1ZL+PdCTpvFiQWSM0zunmwJGNIckvpfsaEQFF0x8vLrSnxXJoLggi+a\nbHl/lXcVoP+VlUdvbtqq4Eakj5GOoNfe55El9yVEy8Y1+GtNJ0BU6rJPd/uK4JSQ\nLovBWGmYz7DYIyCLq6eUXSzjVzDukMWOIWooTePKolf0o8UkDQDF01kWWXKnxeqR\n91bRXCriB7pCoMhhZBKfDLKeCw+17DYQ8Z5ZtzF4OrIQBCAMESpDB47K7Db1YOcN\nmTjPAoIBAGdga0IdRLxXcWGowuHO8IPd+RsMq7FfpEXC8FZ7bXq1poWhShZdVWK8\nbE6i7VIS9L/nMm4j93pnu+ZMyzPL2hva1qH0tZRqVQMoVbds2m3LmBhFkieGL/Rx\n76xgoAnpRcZb/4W3ZykEDxt3vjF0qka9S81yzhYNDvoslyM/kfCv6nH3dKP/Ce/S\n39EeYkeMfPT1CjohNMuNDJy4x2Zegg7DtfAcNkggG5QXR+c77pGQJc5qslNkKLaM\nZWD7IMHdwiVme2D+WId4FWDF4OdF1fD/tcnkxuHXjBkOeVFSj48zuZCtj9Oh8XWE\nCnd2mJ+VEOinbg7mKvrTzmCFr3HhATsCggEAAbQJaEfUX+O4u3E6UiCJ4UE2bkeM\naeyyhT7pHwEEWlbF4JTd7peoNuEX+SVzMU3IjdBvLGApvSfEkdi5akJKE8UVLKp2\nSmfCf+HWI5EcN3EwI/d9WY25KHQdeR1xm/bnhF4/rg21grKHFDkrPPomUregcKD8\n4Rq/AGol9CQejM34Z0dsZJ4ML9m943lUh2hEVYWLxDmBqgsaSZliWtZUS+PzU4jt\noNa9Pp3CJDUuZy6rfFWgtJ2MvbAYg/oCCVdlLkjXdJpv6TRsTVtEy+uBggO13g5o\nDpecWqzRUpt6DdlkltA+JPzwreF+lnrc0glvkm5Aq8eaD1ZplAA7cqMH0Q==\n-----END RSA PRIVATE KEY-----\n",
            "private_key_pem_pkcs8": "-----BEGIN PRIVATE KEY-----\nMIIJQQIBADANBgkqhkiG9w0BAQEFAASCCSswggknAgEAAoICAQDIZqu73lF/udKR\ndp8bh/JXQHjiLwAzGMS9Dt3bZbW7ZWVrLbrF4fvHc2XA48HIbRvXoRR9wAnxosrP\ny+GmuwDEmcJppSiBUYDYNT2bU1EMu0gr/+nbPCw45N9B82+UkkKaSMa3uhULf0sk\nxtOmGbz+ycuyD22ozOSUzs1vnGzeZUVre9T6BCXFJiFaQSpjn1gOSNM5ryZTQofm\ndk8tiof/wOQ/+90tDiPc0qbMD8a8T8f67+XHWppXVuhn2mlnIHbfo69BT3psTYtB\nFIc+4FX4Ww2z1wVdiveKQM+08/aEthBlj9JmPC18O1yYK3VpG8R/fEyQ3wTVa8pw\ndSnWFoQ6FWlKHzOFP8hY4wv4wUCcKyMgn7JYgTACKUawl8MXUxnGRXVWe9H/wsZn\n/ryobrpZF6/FefhrgUijbYIISM1wEdTLsjUROS8im4MGX7sxYpBM9jD1SPpREDD1\n0+IMqpH43SuWsvF9lS2a929aMhaD4X8geveVJuhudNONzcFjtowICXDCx3uBAA0n\nOx5HWecFC6OIRT38d3laKbHsYuFt2577GvFr3eh1Yua8wVra908PxWrsx4nWaylr\n2495l+GYJjdiRMxbKpO3c51ZsMyRivm51fDCNDAcQ2ZXXVCxVYQbaBB8My7hkhLb\n1QUcxm7OGTYXU9XvIORY2lxxZKP3ZQIDAQABAoICAFQ4yh4HnirW1scpmk7AwLmo\nr+UnKadP1oc6M0VcppbeU1RLAL7fbahyOCZr0epA6L2jxe/fgI5cA253WhtvZjA6\nCrnJno9SyJqVLZIU3vBB2WAcipUH4fH7RlT6UT+YhINA6LsYanXNhrArG5IoKQTP\nnFr2HvkdO0fK7g3lKOACob09atG0YodLsiKzVnRN6H0AYD1S/gFp6aGSwU37dZKn\n54V4fYjM84d/xHfofXZw9TPiFKjGzCy+qqfS5A9iVnNA4IvLMkFICalNTlW/hIH/\nCnA1gtzAZa5l9KUxDr7RoWx9mEg9LESU0iJlyU9mSxvlCmysPeTQC2Fd7Do8dk8Q\nU2bdaSuvy/AEibwAZeCT5mCoX3N4W/KqThDb5pZEc05GKTrWPd9izbM3DQBv0ElE\nXUT0TQUiIESyciv9Kb3BMRpvE5sDQo/Nf03AUMs7NJAg3VVolQ3aaEX1hT86ro/1\nlJ9V8Nsm3fhgf0Gvvlwj/XiQg7EThf+va3Sw/Hs6xUS6f3tzFADu23iB12VqRTK1\nKv1RanKCvVaek7f3aCogULXpnXOX6TMtdvjNbDwpkGLHakFOsUPiQKlUR+htEz1G\niichEAmVTs1yKWaP0Ag1jGUQDOuibAthedlWjdxUy20UWCuRMUHh3Z4iKFPrUDIG\nx87nNV0VSPo95Nqd+4UVAoIBAQDYl5OoNql8s3mAiEgku/izgEgaYC0z3Jn6uoEs\nU5ceAvr87hejgJlpU2TIoCOUehQ75AQDgGHOkbZMKFsipYbIRuDR9JXnN8O31lpc\nte4iyYpYATIEByBSWUKfTaZE6diL9c2FLzQS5OVYDNK8BBicSf3DYrJvrs/LFqBw\ndPq8Jxiu9t5Xf1SermCAOh7/l4C1o29yMUrKxKmcbWm3iEtZ6kXs/JTpP+5+QCkD\nMDRSik1kpp2x4mnXoe/B2diW9IP+V9euwRFYqDXn0Hl9A7Pq6q1JBr884Pxbyq+m\nwcHC+aPqds3FaRw3dtD+BiuevQpUR2gDtICTUhQ5JoowVYJLAoIBAQDs3PK2v4EQ\n6IoObclx+mHZjgCQZinHjf2GQOg24UYgFlm6NJIG4us6OABQVE9FaRvHpk4TKCNI\n36p9rwPTtNYMV3uUzr5Oq7GcQQ6mMNSbUgbaxgQb5D//uwN8AaaKHKfLGlI7Jo5U\nEgI7uQXIlq6BAMiUITf5AuHXGBiza5T+qkbrbD02vrVWQmysE5z+R408meYXSHox\nlQwya2JvRFaBWEyTVorIjrvUK4iFSJezKSfp4Tx1cptqgd2N7Sqn+vPGi8EFt3bL\nDDTiid1Wa4Buvtv0UPOlO1j/ELspso27WKPKZiAR6oL4mAIt7G+S3A1C9XRGGWrP\ngaKeE9C0Jt8PAoIBAA0z+DlJ070ZR6/RHuy2VKvEhyCsejTuHqjNE7C7C7w1nE0s\nyl4aKb/k6IDeWizj4DXiaWg5PD0WXtF3qE6NXpD42R2TVkv490JOm8WJBZIzTO6e\nbAkY0hyS+l+xoRAUXTHy8utKfFcmguCCL5pseX+VdxWg/5WVR29u2qrgRqSPkY6g\n197nkSX3JUTLxjX4a00nQFTqsk93+4rglJAui8FYaZjPsNgjIIurp5RdLONXMO6Q\nxY4haihN48qiV/SjxSQNAMXTWRZZcqfF6pH3VtFcKuIHukKgyGFkEp8Msp4LD7Xs\nNhDxnlm3MXg6shAEIAwRKkMHjsrsNvVg5w2ZOM8CggEAZ2BrQh1EvFdxYajC4c7w\ng935GwyrsV+kRcLwVntterWmhaFKFl1VYrxsTqLtUhL0v+cybiP3eme75kzLM8va\nG9rWofS1lGpVAyhVt2zabcuYGEWSJ4Yv9HHvrGCgCelFxlv/hbdnKQQPG3e+MXSq\nRr1LzXLOFg0O+iyXIz+R8K/qcfd0o/8J79Lf0R5iR4x89PUKOiE0y40MnLjHZl6C\nDsO18Bw2SCAblBdH5zvukZAlzmqyU2QotoxlYPsgwd3CJWZ7YP5Yh3gVYMXg50XV\n8P+1yeTG4deMGQ55UVKPjzO5kK2P06HxdYQKd3aYn5UQ6KduDuYq+tPOYIWvceEB\nOwKCAQABtAloR9Rf47i7cTpSIInhQTZuR4xp7LKFPukfAQRaVsXglN3ul6g24Rf5\nJXMxTciN0G8sYCm9J8SR2LlqQkoTxRUsqnZKZ8J/4dYjkRw3cTAj931ZjbkodB15\nHXGb9ueEXj+uDbWCsocUOSs8+iZSt6BwoPzhGr8AaiX0JB6MzfhnR2xkngwv2b3j\neVSHaERVhYvEOYGqCxpJmWJa1lRL4/NTiO2g1r0+ncIkNS5nLqt8VaC0nYy9sBiD\n+gIJV2UuSNd0mm/pNGxNW0TL64GCA7XeDmgOl5xarNFSm3oN2WSW0D4k/PCt4X6W\netzSCW+SbkCrx5oPVmmUADtyowfR\n-----END PRIVATE KEY-----\n",
            "public_key_fingerprint_md5": "5f:c1:96:88:0d:29:db:4d:4e:2c:3a:9f:90:73:2a:67",
            "public_key_fingerprint_sha256": "SHA256:o0RgY+2O6qrb3KpN3kalFyh4SeaMNUDOqpmFtn0kMt8",
            "public_key_openssh": "ssh-rsa AAAAB3NzaC1yc2EAAAADAQABAAACAQDIZqu73lF/udKRdp8bh/JXQHjiLwAzGMS9Dt3bZbW7ZWVrLbrF4fvHc2XA48HIbRvXoRR9wAnxosrPy+GmuwDEmcJppSiBUYDYNT2bU1EMu0gr/+nbPCw45N9B82+UkkKaSMa3uhULf0skxtOmGbz+ycuyD22ozOSUzs1vnGzeZUVre9T6BCXFJiFaQSpjn1gOSNM5ryZTQofmdk8tiof/wOQ/+90tDiPc0qbMD8a8T8f67+XHWppXVuhn2mlnIHbfo69BT3psTYtBFIc+4FX4Ww2z1wVdiveKQM+08/aEthBlj9JmPC18O1yYK3VpG8R/fEyQ3wTVa8pwdSnWFoQ6FWlKHzOFP8hY4wv4wUCcKyMgn7JYgTACKUawl8MXUxnGRXVWe9H/wsZn/ryobrpZF6/FefhrgUijbYIISM1wEdTLsjUROS8im4MGX7sxYpBM9jD1SPpREDD10+IMqpH43SuWsvF9lS2a929aMhaD4X8geveVJuhudNONzcFjtowICXDCx3uBAA0nOx5HWecFC6OIRT38d3laKbHsYuFt2577GvFr3eh1Yua8wVra908PxWrsx4nWaylr2495l+GYJjdiRMxbKpO3c51ZsMyRivm51fDCNDAcQ2ZXXVCxVYQbaBB8My7hkhLb1QUcxm7OGTYXU9XvIORY2lxxZKP3ZQ==\n",
            "public_key_pem": "-----BEGIN PUBLIC KEY-----\nMIICIjANBgkqhkiG9w0BAQEFAAOCAg8AMIICCgKCAgEAyGaru95Rf7nSkXafG4fy\nV0B44i8AMxjEvQ7d22W1u2Vlay26xeH7x3NlwOPByG0b16EUfcAJ8aLKz8vhprsA\nxJnCaaUogVGA2DU9m1NRDLtIK//p2zwsOOTfQfNvlJJCmkjGt7oVC39LJMbTphm8\n/snLsg9tqMzklM7Nb5xs3mVFa3vU+gQlxSYhWkEqY59YDkjTOa8mU0KH5nZPLYqH\n/8DkP/vdLQ4j3NKmzA/GvE/H+u/lx1qaV1boZ9ppZyB236OvQU96bE2LQRSHPuBV\n+FsNs9cFXYr3ikDPtPP2hLYQZY/SZjwtfDtcmCt1aRvEf3xMkN8E1WvKcHUp1haE\nOhVpSh8zhT/IWOML+MFAnCsjIJ+yWIEwAilGsJfDF1MZxkV1VnvR/8LGZ/68qG66\nWRevxXn4a4FIo22CCEjNcBHUy7I1ETkvIpuDBl+7MWKQTPYw9Uj6URAw9dPiDKqR\n+N0rlrLxfZUtmvdvWjIWg+F/IHr3lSbobnTTjc3BY7aMCAlwwsd7gQANJzseR1nn\nBQujiEU9/Hd5Wimx7GLhbdue+xrxa93odWLmvMFa2vdPD8Vq7MeJ1mspa9uPeZfh\nmCY3YkTMWyqTt3OdWbDMkYr5udXwwjQwHENmV11QsVWEG2gQfDMu4ZIS29UFHMZu\nzhk2F1PV7yDkWNpccWSj92UCAwEAAQ==\n-----END PUBLIC KEY-----\n",
            "rsa_bits": 4096
          },
          "sensitive_attributes": []
        }
      ]
    },
    {
      "module": "module.rds",
      "mode": "managed",
      "type": "aws_db_instance",
      "name": "main",
      "provider": "provider[\"registry.terraform.io/hashicorp/aws\"]",
      "instances": [
        {
          "schema_version": 2,
          "attributes": {
            "address": "imeetpro-mysql-prod.c4h2ca6qm0ed.us-east-1.rds.amazonaws.com",
            "allocated_storage": 50,
            "allow_major_version_upgrade": null,
            "apply_immediately": false,
            "arn": "arn:aws:rds:us-east-1:664418964913:db:imeetpro-mysql-prod",
            "auto_minor_version_upgrade": true,
            "availability_zone": "us-east-1a",
            "backup_retention_period": 7,
            "backup_target": "region",
            "backup_window": "03:00-04:00",
            "blue_green_update": [],
            "ca_cert_identifier": "rds-ca-rsa2048-g1",
            "character_set_name": "",
            "copy_tags_to_snapshot": false,
            "custom_iam_instance_profile": "",
            "customer_owned_ip_enabled": false,
            "database_insights_mode": "standard",
            "db_name": "imeetpro_db",
            "db_subnet_group_name": "imeetpro-db-subnet-group-prod",
            "dedicated_log_volume": false,
            "delete_automated_backups": true,
            "deletion_protection": false,
            "domain": "",
            "domain_auth_secret_arn": "",
            "domain_dns_ips": [],
            "domain_fqdn": "",
            "domain_iam_role_name": "",
            "domain_ou": "",
            "enabled_cloudwatch_logs_exports": [],
            "endpoint": "imeetpro-mysql-prod.c4h2ca6qm0ed.us-east-1.rds.amazonaws.com:3306",
            "engine": "mysql",
            "engine_lifecycle_support": "open-source-rds-extended-support",
            "engine_version": "8.0",
            "engine_version_actual": "8.0.43",
            "final_snapshot_identifier": "imeetpro-mysql-final-prod",
            "hosted_zone_id": "Z2R2ITUGPM61AM",
            "iam_database_authentication_enabled": false,
            "id": "db-PPSR5OOQHPECV7EN6UGMYEA3NQ",
            "identifier": "imeetpro-mysql-prod",
            "identifier_prefix": "",
            "instance_class": "db.t3.medium",
            "iops": 3000,
            "kms_key_id": "arn:aws:kms:us-east-1:664418964913:key/6b398b97-38a2-48e3-9e94-de6f406f61e1",
            "latest_restorable_time": "2025-12-12T09:35:00Z",
            "license_model": "general-public-license",
            "listener_endpoint": [],
            "maintenance_window": "mon:04:00-mon:05:00",
            "manage_master_user_password": null,
            "master_user_secret": [],
            "master_user_secret_kms_key_id": null,
            "max_allocated_storage": 100,
            "monitoring_interval": 0,
            "monitoring_role_arn": "",
            "multi_az": true,
            "nchar_character_set_name": "",
            "network_type": "IPV4",
            "option_group_name": "default:mysql-8-0",
            "parameter_group_name": "default.mysql8.0",
            "password": "ImeetPro2025Secure",
            "password_wo": null,
            "password_wo_version": null,
            "performance_insights_enabled": true,
            "performance_insights_kms_key_id": "arn:aws:kms:us-east-1:664418964913:key/6b398b97-38a2-48e3-9e94-de6f406f61e1",
            "performance_insights_retention_period": 7,
            "port": 3306,
            "publicly_accessible": false,
            "replica_mode": "",
            "replicas": [],
            "replicate_source_db": "",
            "resource_id": "db-PPSR5OOQHPECV7EN6UGMYEA3NQ",
            "restore_to_point_in_time": [],
            "s3_import": [],
            "skip_final_snapshot": false,
            "snapshot_identifier": null,
            "status": "available",
            "storage_encrypted": true,
            "storage_throughput": 125,
            "storage_type": "gp3",
            "tags": {
              "Name": "imeetpro-mysql-prod"
            },
            "tags_all": {
              "Environment": "prod",
              "ManagedBy": "Terraform",
              "Name": "imeetpro-mysql-prod",
              "Project": "imeetpro"
            },
            "timeouts": null,
            "timezone": "",
            "upgrade_storage_config": null,
            "username": "imeetpro_admin",
            "vpc_security_group_ids": [
              "sg-0a4465b1ff24d7c1f"
            ]
          },
          "sensitive_attributes": [
            [
              {
                "type": "get_attr",
                "value": "password"
              }
            ]
          ],
          "private": "eyJlMmJmYjczMC1lY2FhLTExZTYtOGY4OC0zNDM2M2JjN2M0YzAiOnsiY3JlYXRlIjozMDAwMDAwMDAwMDAwLCJkZWxldGUiOjM2MDAwMDAwMDAwMDAsInVwZGF0ZSI6NDgwMDAwMDAwMDAwMH0sInNjaGVtYV92ZXJzaW9uIjoiMiJ9",
          "dependencies": [
            "module.rds.aws_db_subnet_group.main",
            "module.security_groups.aws_security_group.alb",
            "module.security_groups.aws_security_group.eks_nodes",
            "module.security_groups.aws_security_group.jenkins",
            "module.security_groups.aws_security_group.rds",
            "module.vpc.aws_subnet.private",
            "module.vpc.aws_vpc.main",
            "module.vpc.data.aws_availability_zones.available"
          ]
        }
      ]
    },
    {
      "module": "module.rds",
      "mode": "managed",
      "type": "aws_db_subnet_group",
      "name": "main",
      "provider": "provider[\"registry.terraform.io/hashicorp/aws\"]",
      "instances": [
        {
          "schema_version": 0,
          "attributes": {
            "arn": "arn:aws:rds:us-east-1:664418964913:subgrp:imeetpro-db-subnet-group-prod",
            "description": "Database subnet group for imeetpro",
            "id": "imeetpro-db-subnet-group-prod",
            "name": "imeetpro-db-subnet-group-prod",
            "name_prefix": "",
            "subnet_ids": [
              "subnet-004f72a2b061e1bea",
              "subnet-0510f4fd986d22455",
              "subnet-08d194006fa5cd380"
            ],
            "supported_network_types": [
              "IPV4"
            ],
            "tags": {
              "Name": "imeetpro-db-subnet-group-prod"
            },
            "tags_all": {
              "Environment": "prod",
              "ManagedBy": "Terraform",
              "Name": "imeetpro-db-subnet-group-prod",
              "Project": "imeetpro"
            },
            "vpc_id": "vpc-0548080f5b5023d1d"
          },
          "sensitive_attributes": [],
          "private": "bnVsbA==",
          "dependencies": [
            "module.vpc.aws_subnet.private",
            "module.vpc.aws_vpc.main",
            "module.vpc.data.aws_availability_zones.available"
          ]
        }
      ]
    },
    {
      "module": "module.security_groups",
      "mode": "managed",
      "type": "aws_security_group",
      "name": "alb",
      "provider": "provider[\"registry.terraform.io/hashicorp/aws\"]",
      "instances": [
        {
          "schema_version": 1,
          "attributes": {
            "arn": "arn:aws:ec2:us-east-1:664418964913:security-group/sg-0a5d559e2b0265f63",
            "description": "Security group for ALB",
            "egress": [
              {
                "cidr_blocks": [
                  "0.0.0.0/0"
                ],
                "description": "",
                "from_port": 0,
                "ipv6_cidr_blocks": [],
                "prefix_list_ids": [],
                "protocol": "-1",
                "security_groups": [],
                "self": false,
                "to_port": 0
              }
            ],
            "id": "sg-0a5d559e2b0265f63",
            "ingress": [
              {
                "cidr_blocks": [
                  "0.0.0.0/0"
                ],
                "description": "HTTP",
                "from_port": 80,
                "ipv6_cidr_blocks": [],
                "prefix_list_ids": [],
                "protocol": "tcp",
                "security_groups": [],
                "self": false,
                "to_port": 80
              },
              {
                "cidr_blocks": [
                  "0.0.0.0/0"
                ],
                "description": "HTTPS",
                "from_port": 443,
                "ipv6_cidr_blocks": [],
                "prefix_list_ids": [],
                "protocol": "tcp",
                "security_groups": [],
                "self": false,
                "to_port": 443
              }
            ],
            "name": "imeetpro-alb-sg-prod",
            "name_prefix": "",
            "owner_id": "664418964913",
            "revoke_rules_on_delete": false,
            "tags": {
              "Name": "imeetpro-alb-sg-prod"
            },
            "tags_all": {
              "Environment": "prod",
              "ManagedBy": "Terraform",
              "Name": "imeetpro-alb-sg-prod",
              "Project": "imeetpro"
            },
            "timeouts": null,
            "vpc_id": "vpc-0548080f5b5023d1d"
          },
          "sensitive_attributes": [],
          "private": "eyJlMmJmYjczMC1lY2FhLTExZTYtOGY4OC0zNDM2M2JjN2M0YzAiOnsiY3JlYXRlIjo2MDAwMDAwMDAwMDAsImRlbGV0ZSI6OTAwMDAwMDAwMDAwfSwic2NoZW1hX3ZlcnNpb24iOiIxIn0=",
          "dependencies": [
            "module.vpc.aws_vpc.main"
          ]
        }
      ]
    },
    {
      "module": "module.security_groups",
      "mode": "managed",
      "type": "aws_security_group",
      "name": "eks_nodes",
      "provider": "provider[\"registry.terraform.io/hashicorp/aws\"]",
      "instances": [
        {
          "schema_version": 1,
          "attributes": {
            "arn": "arn:aws:ec2:us-east-1:664418964913:security-group/sg-03be9288000a44f9b",
            "description": "Security group for EKS nodes",
            "egress": [
              {
                "cidr_blocks": [
                  "0.0.0.0/0"
                ],
                "description": "",
                "from_port": 0,
                "ipv6_cidr_blocks": [],
                "prefix_list_ids": [],
                "protocol": "-1",
                "security_groups": [],
                "self": false,
                "to_port": 0
              }
            ],
            "id": "sg-03be9288000a44f9b",
            "ingress": [
              {
                "cidr_blocks": [
                  "10.0.0.0/16"
                ],
                "description": "Allow all from VPC",
                "from_port": 0,
                "ipv6_cidr_blocks": [],
                "prefix_list_ids": [],
                "protocol": "-1",
                "security_groups": [],
                "self": false,
                "to_port": 0
              },
              {
                "cidr_blocks": [],
                "description": "Allow from ALB",
                "from_port": 0,
                "ipv6_cidr_blocks": [],
                "prefix_list_ids": [],
                "protocol": "tcp",
                "security_groups": [
                  "sg-0a5d559e2b0265f63"
                ],
                "self": false,
                "to_port": 65535
              }
            ],
            "name": "imeetpro-eks-nodes-sg-prod",
            "name_prefix": "",
            "owner_id": "664418964913",
            "revoke_rules_on_delete": false,
            "tags": {
              "Name": "imeetpro-eks-nodes-sg-prod"
            },
            "tags_all": {
              "Environment": "prod",
              "ManagedBy": "Terraform",
              "Name": "imeetpro-eks-nodes-sg-prod",
              "Project": "imeetpro"
            },
            "timeouts": null,
            "vpc_id": "vpc-0548080f5b5023d1d"
          },
          "sensitive_attributes": [],
          "private": "eyJlMmJmYjczMC1lY2FhLTExZTYtOGY4OC0zNDM2M2JjN2M0YzAiOnsiY3JlYXRlIjo2MDAwMDAwMDAwMDAsImRlbGV0ZSI6OTAwMDAwMDAwMDAwfSwic2NoZW1hX3ZlcnNpb24iOiIxIn0=",
          "dependencies": [
            "module.security_groups.aws_security_group.alb",
            "module.vpc.aws_vpc.main"
          ]
        }
      ]
    },
    {
      "module": "module.security_groups",
      "mode": "managed",
      "type": "aws_security_group",
      "name": "jenkins",
      "provider": "provider[\"registry.terraform.io/hashicorp/aws\"]",
      "instances": [
        {
          "schema_version": 1,
          "attributes": {
            "arn": "arn:aws:ec2:us-east-1:664418964913:security-group/sg-0121b3db81bcc89c4",
            "description": "Security group for Jenkins server",
            "egress": [
              {
                "cidr_blocks": [
                  "0.0.0.0/0"
                ],
                "description": "Allow all outbound",
                "from_port": 0,
                "ipv6_cidr_blocks": [],
                "prefix_list_ids": [],
                "protocol": "-1",
                "security_groups": [],
                "self": false,
                "to_port": 0
              }
            ],
            "id": "sg-0121b3db81bcc89c4",
            "ingress": [
              {
                "cidr_blocks": [
                  "0.0.0.0/0"
                ],
                "description": "HTTP",
                "from_port": 80,
                "ipv6_cidr_blocks": [],
                "prefix_list_ids": [],
                "protocol": "tcp",
                "security_groups": [],
                "self": false,
                "to_port": 80
              },
              {
                "cidr_blocks": [
                  "0.0.0.0/0"
                ],
                "description": "HTTPS",
                "from_port": 443,
                "ipv6_cidr_blocks": [],
                "prefix_list_ids": [],
                "protocol": "tcp",
                "security_groups": [],
                "self": false,
                "to_port": 443
              },
              {
                "cidr_blocks": [
                  "0.0.0.0/0"
                ],
                "description": "Jenkins UI",
                "from_port": 8080,
                "ipv6_cidr_blocks": [],
                "prefix_list_ids": [],
                "protocol": "tcp",
                "security_groups": [],
                "self": false,
                "to_port": 8080
              },
              {
                "cidr_blocks": [
                  "0.0.0.0/0"
                ],
                "description": "SSH access",
                "from_port": 22,
                "ipv6_cidr_blocks": [],
                "prefix_list_ids": [],
                "protocol": "tcp",
                "security_groups": [],
                "self": false,
                "to_port": 22
              }
            ],
            "name": "imeetpro-jenkins-sg-prod",
            "name_prefix": "",
            "owner_id": "664418964913",
            "revoke_rules_on_delete": false,
            "tags": {
              "Name": "imeetpro-jenkins-sg-prod"
            },
            "tags_all": {
              "Environment": "prod",
              "ManagedBy": "Terraform",
              "Name": "imeetpro-jenkins-sg-prod",
              "Project": "imeetpro"
            },
            "timeouts": null,
            "vpc_id": "vpc-0548080f5b5023d1d"
          },
          "sensitive_attributes": [],
          "private": "eyJlMmJmYjczMC1lY2FhLTExZTYtOGY4OC0zNDM2M2JjN2M0YzAiOnsiY3JlYXRlIjo2MDAwMDAwMDAwMDAsImRlbGV0ZSI6OTAwMDAwMDAwMDAwfSwic2NoZW1hX3ZlcnNpb24iOiIxIn0=",
          "dependencies": [
            "module.vpc.aws_vpc.main"
          ]
        }
      ]
    },
    {
      "module": "module.security_groups",
      "mode": "managed",
      "type": "aws_security_group",
      "name": "rds",
      "provider": "provider[\"registry.terraform.io/hashicorp/aws\"]",
      "instances": [
        {
          "schema_version": 1,
          "attributes": {
            "arn": "arn:aws:ec2:us-east-1:664418964913:security-group/sg-0a4465b1ff24d7c1f",
            "description": "Security group for RDS",
            "egress": [
              {
                "cidr_blocks": [
                  "0.0.0.0/0"
                ],
                "description": "",
                "from_port": 0,
                "ipv6_cidr_blocks": [],
                "prefix_list_ids": [],
                "protocol": "-1",
                "security_groups": [],
                "self": false,
                "to_port": 0
              }
            ],
            "id": "sg-0a4465b1ff24d7c1f",
            "ingress": [
              {
                "cidr_blocks": [],
                "description": "MySQL from EKS and Jenkins",
                "from_port": 3306,
                "ipv6_cidr_blocks": [],
                "prefix_list_ids": [],
                "protocol": "tcp",
                "security_groups": [
                  "sg-0121b3db81bcc89c4",
                  "sg-03be9288000a44f9b"
                ],
                "self": false,
                "to_port": 3306
              }
            ],
            "name": "imeetpro-rds-sg-prod",
            "name_prefix": "",
            "owner_id": "664418964913",
            "revoke_rules_on_delete": false,
            "tags": {
              "Name": "imeetpro-rds-sg-prod"
            },
            "tags_all": {
              "Environment": "prod",
              "ManagedBy": "Terraform",
              "Name": "imeetpro-rds-sg-prod",
              "Project": "imeetpro"
            },
            "timeouts": null,
            "vpc_id": "vpc-0548080f5b5023d1d"
          },
          "sensitive_attributes": [],
          "private": "eyJlMmJmYjczMC1lY2FhLTExZTYtOGY4OC0zNDM2M2JjN2M0YzAiOnsiY3JlYXRlIjo2MDAwMDAwMDAwMDAsImRlbGV0ZSI6OTAwMDAwMDAwMDAwfSwic2NoZW1hX3ZlcnNpb24iOiIxIn0=",
          "dependencies": [
            "module.security_groups.aws_security_group.alb",
            "module.security_groups.aws_security_group.eks_nodes",
            "module.security_groups.aws_security_group.jenkins",
            "module.vpc.aws_vpc.main"
          ]
        }
      ]
    },
    {
      "module": "module.security_groups",
      "mode": "managed",
      "type": "aws_security_group",
      "name": "redis",
      "provider": "provider[\"registry.terraform.io/hashicorp/aws\"]",
      "instances": [
        {
          "schema_version": 1,
          "attributes": {
            "arn": "arn:aws:ec2:us-east-1:664418964913:security-group/sg-0f667a67beae3e1b0",
            "description": "Security group for Redis",
            "egress": [
              {
                "cidr_blocks": [
                  "0.0.0.0/0"
                ],
                "description": "",
                "from_port": 0,
                "ipv6_cidr_blocks": [],
                "prefix_list_ids": [],
                "protocol": "-1",
                "security_groups": [],
                "self": false,
                "to_port": 0
              }
            ],
            "id": "sg-0f667a67beae3e1b0",
            "ingress": [
              {
                "cidr_blocks": [],
                "description": "Redis from EKS",
                "from_port": 6379,
                "ipv6_cidr_blocks": [],
                "prefix_list_ids": [],
                "protocol": "tcp",
                "security_groups": [
                  "sg-03be9288000a44f9b"
                ],
                "self": false,
                "to_port": 6379
              }
            ],
            "name": "imeetpro-redis-sg-prod",
            "name_prefix": "",
            "owner_id": "664418964913",
            "revoke_rules_on_delete": false,
            "tags": {
              "Name": "imeetpro-redis-sg-prod"
            },
            "tags_all": {
              "Environment": "prod",
              "ManagedBy": "Terraform",
              "Name": "imeetpro-redis-sg-prod",
              "Project": "imeetpro"
            },
            "timeouts": null,
            "vpc_id": "vpc-0548080f5b5023d1d"
          },
          "sensitive_attributes": [],
          "private": "eyJlMmJmYjczMC1lY2FhLTExZTYtOGY4OC0zNDM2M2JjN2M0YzAiOnsiY3JlYXRlIjo2MDAwMDAwMDAwMDAsImRlbGV0ZSI6OTAwMDAwMDAwMDAwfSwic2NoZW1hX3ZlcnNpb24iOiIxIn0=",
          "dependencies": [
            "module.security_groups.aws_security_group.alb",
            "module.security_groups.aws_security_group.eks_nodes",
            "module.vpc.aws_vpc.main"
          ]
        }
      ]
    },
    {
      "module": "module.vpc",
      "mode": "data",
      "type": "aws_availability_zones",
      "name": "available",
      "provider": "provider[\"registry.terraform.io/hashicorp/aws\"]",
      "instances": [
        {
          "schema_version": 0,
          "attributes": {
            "all_availability_zones": null,
            "exclude_names": null,
            "exclude_zone_ids": null,
            "filter": null,
            "group_names": [
              "us-east-1-zg-1"
            ],
            "id": "us-east-1",
            "names": [
              "us-east-1a",
              "us-east-1b",
              "us-east-1c",
              "us-east-1d",
              "us-east-1e",
              "us-east-1f"
            ],
            "state": "available",
            "timeouts": null,
            "zone_ids": [
              "use1-az4",
              "use1-az6",
              "use1-az1",
              "use1-az2",
              "use1-az3",
              "use1-az5"
            ]
          },
          "sensitive_attributes": []
        }
      ]
    },
    {
      "module": "module.vpc",
      "mode": "managed",
      "type": "aws_eip",
      "name": "nat",
      "provider": "provider[\"registry.terraform.io/hashicorp/aws\"]",
      "instances": [
        {
          "schema_version": 0,
          "attributes": {
            "address": null,
            "allocation_id": "eipalloc-04b3cb0ac7324f922",
            "arn": "arn:aws:ec2:us-east-1:664418964913:elastic-ip/eipalloc-04b3cb0ac7324f922",
            "associate_with_private_ip": null,
            "association_id": "eipassoc-01057a3eb5615a983",
            "carrier_ip": "",
            "customer_owned_ip": "",
            "customer_owned_ipv4_pool": "",
            "domain": "vpc",
            "id": "eipalloc-04b3cb0ac7324f922",
            "instance": "",
            "ipam_pool_id": null,
            "network_border_group": "us-east-1",
            "network_interface": "eni-057a16ee7612078d4",
            "private_dns": "ip-10-0-12-126.ec2.internal",
            "private_ip": "10.0.12.126",
            "ptr_record": "",
            "public_dns": "ec2-3-222-34-93.compute-1.amazonaws.com",
            "public_ip": "3.222.34.93",
            "public_ipv4_pool": "amazon",
            "tags": {
              "Name": "imeetpro-nat-eip-prod"
            },
            "tags_all": {
              "Environment": "prod",
              "ManagedBy": "Terraform",
              "Name": "imeetpro-nat-eip-prod",
              "Project": "imeetpro"
            },
            "timeouts": null,
            "vpc": true
          },
          "sensitive_attributes": [],
          "private": "eyJlMmJmYjczMC1lY2FhLTExZTYtOGY4OC0zNDM2M2JjN2M0YzAiOnsiZGVsZXRlIjoxODAwMDAwMDAwMDAsInJlYWQiOjkwMDAwMDAwMDAwMCwidXBkYXRlIjozMDAwMDAwMDAwMDB9fQ==",
          "dependencies": [
            "module.vpc.aws_internet_gateway.main",
            "module.vpc.aws_vpc.main"
          ]
        }
      ]
    },
    {
      "module": "module.vpc",
      "mode": "managed",
      "type": "aws_internet_gateway",
      "name": "main",
      "provider": "provider[\"registry.terraform.io/hashicorp/aws\"]",
      "instances": [
        {
          "schema_version": 0,
          "attributes": {
            "arn": "arn:aws:ec2:us-east-1:664418964913:internet-gateway/igw-03deb3d41cae13da3",
            "id": "igw-03deb3d41cae13da3",
            "owner_id": "664418964913",
            "tags": {
              "Name": "imeetpro-igw-prod"
            },
            "tags_all": {
              "Environment": "prod",
              "ManagedBy": "Terraform",
              "Name": "imeetpro-igw-prod",
              "Project": "imeetpro"
            },
            "timeouts": null,
            "vpc_id": "vpc-0548080f5b5023d1d"
          },
          "sensitive_attributes": [],
          "private": "eyJlMmJmYjczMC1lY2FhLTExZTYtOGY4OC0zNDM2M2JjN2M0YzAiOnsiY3JlYXRlIjoxMjAwMDAwMDAwMDAwLCJkZWxldGUiOjEyMDAwMDAwMDAwMDAsInVwZGF0ZSI6MTIwMDAwMDAwMDAwMH19",
          "dependencies": [
            "module.vpc.aws_vpc.main"
          ]
        }
      ]
    },
    {
      "module": "module.vpc",
      "mode": "managed",
      "type": "aws_nat_gateway",
      "name": "main",
      "provider": "provider[\"registry.terraform.io/hashicorp/aws\"]",
      "instances": [
        {
          "schema_version": 0,
          "attributes": {
            "allocation_id": "eipalloc-04b3cb0ac7324f922",
            "association_id": "eipassoc-01057a3eb5615a983",
            "connectivity_type": "public",
            "id": "nat-0b63667794aa05615",
            "network_interface_id": "eni-057a16ee7612078d4",
            "private_ip": "10.0.12.126",
            "public_ip": "3.222.34.93",
            "secondary_allocation_ids": [],
            "secondary_private_ip_address_count": 0,
            "secondary_private_ip_addresses": [],
            "subnet_id": "subnet-03c85f50c256fd145",
            "tags": {
              "Name": "imeetpro-nat-prod"
            },
            "tags_all": {
              "Environment": "prod",
              "ManagedBy": "Terraform",
              "Name": "imeetpro-nat-prod",
              "Project": "imeetpro"
            },
            "timeouts": null
          },
          "sensitive_attributes": [],
          "private": "eyJlMmJmYjczMC1lY2FhLTExZTYtOGY4OC0zNDM2M2JjN2M0YzAiOnsiY3JlYXRlIjo2MDAwMDAwMDAwMDAsImRlbGV0ZSI6MTgwMDAwMDAwMDAwMCwidXBkYXRlIjo2MDAwMDAwMDAwMDB9fQ==",
          "dependencies": [
            "module.vpc.aws_eip.nat",
            "module.vpc.aws_internet_gateway.main",
            "module.vpc.aws_subnet.public",
            "module.vpc.aws_vpc.main",
            "module.vpc.data.aws_availability_zones.available"
          ]
        }
      ]
    },
    {
      "module": "module.vpc",
      "mode": "managed",
      "type": "aws_route_table",
      "name": "private",
      "provider": "provider[\"registry.terraform.io/hashicorp/aws\"]",
      "instances": [
        {
          "schema_version": 0,
          "attributes": {
            "arn": "arn:aws:ec2:us-east-1:664418964913:route-table/rtb-0ed588b7819c74a3d",
            "id": "rtb-0ed588b7819c74a3d",
            "owner_id": "664418964913",
            "propagating_vgws": [],
            "route": [
              {
                "carrier_gateway_id": "",
                "cidr_block": "0.0.0.0/0",
                "core_network_arn": "",
                "destination_prefix_list_id": "",
                "egress_only_gateway_id": "",
                "gateway_id": "",
                "ipv6_cidr_block": "",
                "local_gateway_id": "",
                "nat_gateway_id": "nat-0b63667794aa05615",
                "network_interface_id": "",
                "transit_gateway_id": "",
                "vpc_endpoint_id": "",
                "vpc_peering_connection_id": ""
              }
            ],
            "tags": {
              "Name": "imeetpro-private-rt-prod"
            },
            "tags_all": {
              "Environment": "prod",
              "ManagedBy": "Terraform",
              "Name": "imeetpro-private-rt-prod",
              "Project": "imeetpro"
            },
            "timeouts": null,
            "vpc_id": "vpc-0548080f5b5023d1d"
          },
          "sensitive_attributes": [],
          "private": "eyJlMmJmYjczMC1lY2FhLTExZTYtOGY4OC0zNDM2M2JjN2M0YzAiOnsiY3JlYXRlIjozMDAwMDAwMDAwMDAsImRlbGV0ZSI6MzAwMDAwMDAwMDAwLCJ1cGRhdGUiOjEyMDAwMDAwMDAwMH19",
          "dependencies": [
            "module.vpc.aws_eip.nat",
            "module.vpc.aws_internet_gateway.main",
            "module.vpc.aws_nat_gateway.main",
            "module.vpc.aws_subnet.public",
            "module.vpc.aws_vpc.main",
            "module.vpc.data.aws_availability_zones.available"
          ]
        }
      ]
    },
    {
      "module": "module.vpc",
      "mode": "managed",
      "type": "aws_route_table",
      "name": "public",
      "provider": "provider[\"registry.terraform.io/hashicorp/aws\"]",
      "instances": [
        {
          "schema_version": 0,
          "attributes": {
            "arn": "arn:aws:ec2:us-east-1:664418964913:route-table/rtb-0db4b5460475f448f",
            "id": "rtb-0db4b5460475f448f",
            "owner_id": "664418964913",
            "propagating_vgws": [],
            "route": [
              {
                "carrier_gateway_id": "",
                "cidr_block": "0.0.0.0/0",
                "core_network_arn": "",
                "destination_prefix_list_id": "",
                "egress_only_gateway_id": "",
                "gateway_id": "igw-03deb3d41cae13da3",
                "ipv6_cidr_block": "",
                "local_gateway_id": "",
                "nat_gateway_id": "",
                "network_interface_id": "",
                "transit_gateway_id": "",
                "vpc_endpoint_id": "",
                "vpc_peering_connection_id": ""
              }
            ],
            "tags": {
              "Name": "imeetpro-public-rt-prod"
            },
            "tags_all": {
              "Environment": "prod",
              "ManagedBy": "Terraform",
              "Name": "imeetpro-public-rt-prod",
              "Project": "imeetpro"
            },
            "timeouts": null,
            "vpc_id": "vpc-0548080f5b5023d1d"
          },
          "sensitive_attributes": [],
          "private": "eyJlMmJmYjczMC1lY2FhLTExZTYtOGY4OC0zNDM2M2JjN2M0YzAiOnsiY3JlYXRlIjozMDAwMDAwMDAwMDAsImRlbGV0ZSI6MzAwMDAwMDAwMDAwLCJ1cGRhdGUiOjEyMDAwMDAwMDAwMH19",
          "dependencies": [
            "module.vpc.aws_internet_gateway.main",
            "module.vpc.aws_vpc.main"
          ]
        }
      ]
    },
    {
      "module": "module.vpc",
      "mode": "managed",
      "type": "aws_route_table_association",
      "name": "private",
      "provider": "provider[\"registry.terraform.io/hashicorp/aws\"]",
      "instances": [
        {
          "index_key": 0,
          "schema_version": 0,
          "attributes": {
            "gateway_id": "",
            "id": "rtbassoc-0eb006960cf4e6576",
            "route_table_id": "rtb-0ed588b7819c74a3d",
            "subnet_id": "subnet-0510f4fd986d22455",
            "timeouts": null
          },
          "sensitive_attributes": [],
          "private": "eyJlMmJmYjczMC1lY2FhLTExZTYtOGY4OC0zNDM2M2JjN2M0YzAiOnsiY3JlYXRlIjozMDAwMDAwMDAwMDAsImRlbGV0ZSI6MzAwMDAwMDAwMDAwLCJ1cGRhdGUiOjEyMDAwMDAwMDAwMH19",
          "dependencies": [
            "module.vpc.aws_eip.nat",
            "module.vpc.aws_internet_gateway.main",
            "module.vpc.aws_nat_gateway.main",
            "module.vpc.aws_route_table.private",
            "module.vpc.aws_subnet.private",
            "module.vpc.aws_subnet.public",
            "module.vpc.aws_vpc.main",
            "module.vpc.data.aws_availability_zones.available"
          ]
        },
        {
          "index_key": 1,
          "schema_version": 0,
          "attributes": {
            "gateway_id": "",
            "id": "rtbassoc-0c829fc369a3148fa",
            "route_table_id": "rtb-0ed588b7819c74a3d",
            "subnet_id": "subnet-004f72a2b061e1bea",
            "timeouts": null
          },
          "sensitive_attributes": [],
          "private": "eyJlMmJmYjczMC1lY2FhLTExZTYtOGY4OC0zNDM2M2JjN2M0YzAiOnsiY3JlYXRlIjozMDAwMDAwMDAwMDAsImRlbGV0ZSI6MzAwMDAwMDAwMDAwLCJ1cGRhdGUiOjEyMDAwMDAwMDAwMH19",
          "dependencies": [
            "module.vpc.aws_eip.nat",
            "module.vpc.aws_internet_gateway.main",
            "module.vpc.aws_nat_gateway.main",
            "module.vpc.aws_route_table.private",
            "module.vpc.aws_subnet.private",
            "module.vpc.aws_subnet.public",
            "module.vpc.aws_vpc.main",
            "module.vpc.data.aws_availability_zones.available"
          ]
        },
        {
          "index_key": 2,
          "schema_version": 0,
          "attributes": {
            "gateway_id": "",
            "id": "rtbassoc-069a6366572c6cb06",
            "route_table_id": "rtb-0ed588b7819c74a3d",
            "subnet_id": "subnet-08d194006fa5cd380",
            "timeouts": null
          },
          "sensitive_attributes": [],
          "private": "eyJlMmJmYjczMC1lY2FhLTExZTYtOGY4OC0zNDM2M2JjN2M0YzAiOnsiY3JlYXRlIjozMDAwMDAwMDAwMDAsImRlbGV0ZSI6MzAwMDAwMDAwMDAwLCJ1cGRhdGUiOjEyMDAwMDAwMDAwMH19",
          "dependencies": [
            "module.vpc.aws_eip.nat",
            "module.vpc.aws_internet_gateway.main",
            "module.vpc.aws_nat_gateway.main",
            "module.vpc.aws_route_table.private",
            "module.vpc.aws_subnet.private",
            "module.vpc.aws_subnet.public",
            "module.vpc.aws_vpc.main",
            "module.vpc.data.aws_availability_zones.available"
          ]
        }
      ]
    },
    {
      "module": "module.vpc",
      "mode": "managed",
      "type": "aws_route_table_association",
      "name": "public",
      "provider": "provider[\"registry.terraform.io/hashicorp/aws\"]",
      "instances": [
        {
          "index_key": 0,
          "schema_version": 0,
          "attributes": {
            "gateway_id": "",
            "id": "rtbassoc-027ec4e4e7ae7db35",
            "route_table_id": "rtb-0db4b5460475f448f",
            "subnet_id": "subnet-03c85f50c256fd145",
            "timeouts": null
          },
          "sensitive_attributes": [],
          "private": "eyJlMmJmYjczMC1lY2FhLTExZTYtOGY4OC0zNDM2M2JjN2M0YzAiOnsiY3JlYXRlIjozMDAwMDAwMDAwMDAsImRlbGV0ZSI6MzAwMDAwMDAwMDAwLCJ1cGRhdGUiOjEyMDAwMDAwMDAwMH19",
          "dependencies": [
            "module.vpc.aws_internet_gateway.main",
            "module.vpc.aws_route_table.public",
            "module.vpc.aws_subnet.public",
            "module.vpc.aws_vpc.main",
            "module.vpc.data.aws_availability_zones.available"
          ]
        },
        {
          "index_key": 1,
          "schema_version": 0,
          "attributes": {
            "gateway_id": "",
            "id": "rtbassoc-0429ea17c57b1166c",
            "route_table_id": "rtb-0db4b5460475f448f",
            "subnet_id": "subnet-08e04bb994f5049b0",
            "timeouts": null
          },
          "sensitive_attributes": [],
          "private": "eyJlMmJmYjczMC1lY2FhLTExZTYtOGY4OC0zNDM2M2JjN2M0YzAiOnsiY3JlYXRlIjozMDAwMDAwMDAwMDAsImRlbGV0ZSI6MzAwMDAwMDAwMDAwLCJ1cGRhdGUiOjEyMDAwMDAwMDAwMH19",
          "dependencies": [
            "module.vpc.aws_internet_gateway.main",
            "module.vpc.aws_route_table.public",
            "module.vpc.aws_subnet.public",
            "module.vpc.aws_vpc.main",
            "module.vpc.data.aws_availability_zones.available"
          ]
        },
        {
          "index_key": 2,
          "schema_version": 0,
          "attributes": {
            "gateway_id": "",
            "id": "rtbassoc-0db2d37aa3547c6ee",
            "route_table_id": "rtb-0db4b5460475f448f",
            "subnet_id": "subnet-019aa0bd10fc2e617",
            "timeouts": null
          },
          "sensitive_attributes": [],
          "private": "eyJlMmJmYjczMC1lY2FhLTExZTYtOGY4OC0zNDM2M2JjN2M0YzAiOnsiY3JlYXRlIjozMDAwMDAwMDAwMDAsImRlbGV0ZSI6MzAwMDAwMDAwMDAwLCJ1cGRhdGUiOjEyMDAwMDAwMDAwMH19",
          "dependencies": [
            "module.vpc.aws_internet_gateway.main",
            "module.vpc.aws_route_table.public",
            "module.vpc.aws_subnet.public",
            "module.vpc.aws_vpc.main",
            "module.vpc.data.aws_availability_zones.available"
          ]
        }
      ]
    },
    {
      "module": "module.vpc",
      "mode": "managed",
      "type": "aws_subnet",
      "name": "private",
      "provider": "provider[\"registry.terraform.io/hashicorp/aws\"]",
      "instances": [
        {
          "index_key": 0,
          "schema_version": 1,
          "attributes": {
            "arn": "arn:aws:ec2:us-east-1:664418964913:subnet/subnet-0510f4fd986d22455",
            "assign_ipv6_address_on_creation": false,
            "availability_zone": "us-east-1a",
            "availability_zone_id": "use1-az4",
            "cidr_block": "10.0.48.0/20",
            "customer_owned_ipv4_pool": "",
            "enable_dns64": false,
            "enable_lni_at_device_index": 0,
            "enable_resource_name_dns_a_record_on_launch": false,
            "enable_resource_name_dns_aaaa_record_on_launch": false,
            "id": "subnet-0510f4fd986d22455",
            "ipv6_cidr_block": "",
            "ipv6_cidr_block_association_id": "",
            "ipv6_native": false,
            "map_customer_owned_ip_on_launch": false,
            "map_public_ip_on_launch": false,
            "outpost_arn": "",
            "owner_id": "664418964913",
            "private_dns_hostname_type_on_launch": "ip-name",
            "tags": {
              "Name": "imeetpro-private-1",
              "kubernetes.io/cluster/imeetpro-eks-prod": "shared",
              "kubernetes.io/role/internal-elb": "1"
            },
            "tags_all": {
              "Environment": "prod",
              "ManagedBy": "Terraform",
              "Name": "imeetpro-private-1",
              "Project": "imeetpro",
              "kubernetes.io/cluster/imeetpro-eks-prod": "shared",
              "kubernetes.io/role/internal-elb": "1"
            },
            "timeouts": null,
            "vpc_id": "vpc-0548080f5b5023d1d"
          },
          "sensitive_attributes": [],
          "private": "eyJlMmJmYjczMC1lY2FhLTExZTYtOGY4OC0zNDM2M2JjN2M0YzAiOnsiY3JlYXRlIjo2MDAwMDAwMDAwMDAsImRlbGV0ZSI6MTIwMDAwMDAwMDAwMH0sInNjaGVtYV92ZXJzaW9uIjoiMSJ9",
          "dependencies": [
            "module.vpc.aws_vpc.main",
            "module.vpc.data.aws_availability_zones.available"
          ]
        },
        {
          "index_key": 1,
          "schema_version": 1,
          "attributes": {
            "arn": "arn:aws:ec2:us-east-1:664418964913:subnet/subnet-004f72a2b061e1bea",
            "assign_ipv6_address_on_creation": false,
            "availability_zone": "us-east-1b",
            "availability_zone_id": "use1-az6",
            "cidr_block": "10.0.64.0/20",
            "customer_owned_ipv4_pool": "",
            "enable_dns64": false,
            "enable_lni_at_device_index": 0,
            "enable_resource_name_dns_a_record_on_launch": false,
            "enable_resource_name_dns_aaaa_record_on_launch": false,
            "id": "subnet-004f72a2b061e1bea",
            "ipv6_cidr_block": "",
            "ipv6_cidr_block_association_id": "",
            "ipv6_native": false,
            "map_customer_owned_ip_on_launch": false,
            "map_public_ip_on_launch": false,
            "outpost_arn": "",
            "owner_id": "664418964913",
            "private_dns_hostname_type_on_launch": "ip-name",
            "tags": {
              "Name": "imeetpro-private-2",
              "kubernetes.io/cluster/imeetpro-eks-prod": "shared",
              "kubernetes.io/role/internal-elb": "1"
            },
            "tags_all": {
              "Environment": "prod",
              "ManagedBy": "Terraform",
              "Name": "imeetpro-private-2",
              "Project": "imeetpro",
              "kubernetes.io/cluster/imeetpro-eks-prod": "shared",
              "kubernetes.io/role/internal-elb": "1"
            },
            "timeouts": null,
            "vpc_id": "vpc-0548080f5b5023d1d"
          },
          "sensitive_attributes": [],
          "private": "eyJlMmJmYjczMC1lY2FhLTExZTYtOGY4OC0zNDM2M2JjN2M0YzAiOnsiY3JlYXRlIjo2MDAwMDAwMDAwMDAsImRlbGV0ZSI6MTIwMDAwMDAwMDAwMH0sInNjaGVtYV92ZXJzaW9uIjoiMSJ9",
          "dependencies": [
            "module.vpc.aws_vpc.main",
            "module.vpc.data.aws_availability_zones.available"
          ]
        },
        {
          "index_key": 2,
          "schema_version": 1,
          "attributes": {
            "arn": "arn:aws:ec2:us-east-1:664418964913:subnet/subnet-08d194006fa5cd380",
            "assign_ipv6_address_on_creation": false,
            "availability_zone": "us-east-1c",
            "availability_zone_id": "use1-az1",
            "cidr_block": "10.0.80.0/20",
            "customer_owned_ipv4_pool": "",
            "enable_dns64": false,
            "enable_lni_at_device_index": 0,
            "enable_resource_name_dns_a_record_on_launch": false,
            "enable_resource_name_dns_aaaa_record_on_launch": false,
            "id": "subnet-08d194006fa5cd380",
            "ipv6_cidr_block": "",
            "ipv6_cidr_block_association_id": "",
            "ipv6_native": false,
            "map_customer_owned_ip_on_launch": false,
            "map_public_ip_on_launch": false,
            "outpost_arn": "",
            "owner_id": "664418964913",
            "private_dns_hostname_type_on_launch": "ip-name",
            "tags": {
              "Name": "imeetpro-private-3",
              "kubernetes.io/cluster/imeetpro-eks-prod": "shared",
              "kubernetes.io/role/internal-elb": "1"
            },
            "tags_all": {
              "Environment": "prod",
              "ManagedBy": "Terraform",
              "Name": "imeetpro-private-3",
              "Project": "imeetpro",
              "kubernetes.io/cluster/imeetpro-eks-prod": "shared",
              "kubernetes.io/role/internal-elb": "1"
            },
            "timeouts": null,
            "vpc_id": "vpc-0548080f5b5023d1d"
          },
          "sensitive_attributes": [],
          "private": "eyJlMmJmYjczMC1lY2FhLTExZTYtOGY4OC0zNDM2M2JjN2M0YzAiOnsiY3JlYXRlIjo2MDAwMDAwMDAwMDAsImRlbGV0ZSI6MTIwMDAwMDAwMDAwMH0sInNjaGVtYV92ZXJzaW9uIjoiMSJ9",
          "dependencies": [
            "module.vpc.aws_vpc.main",
            "module.vpc.data.aws_availability_zones.available"
          ]
        }
      ]
    },
    {
      "module": "module.vpc",
      "mode": "managed",
      "type": "aws_subnet",
      "name": "public",
      "provider": "provider[\"registry.terraform.io/hashicorp/aws\"]",
      "instances": [
        {
          "index_key": 0,
          "schema_version": 1,
          "attributes": {
            "arn": "arn:aws:ec2:us-east-1:664418964913:subnet/subnet-03c85f50c256fd145",
            "assign_ipv6_address_on_creation": false,
            "availability_zone": "us-east-1a",
            "availability_zone_id": "use1-az4",
            "cidr_block": "10.0.0.0/20",
            "customer_owned_ipv4_pool": "",
            "enable_dns64": false,
            "enable_lni_at_device_index": 0,
            "enable_resource_name_dns_a_record_on_launch": false,
            "enable_resource_name_dns_aaaa_record_on_launch": false,
            "id": "subnet-03c85f50c256fd145",
            "ipv6_cidr_block": "",
            "ipv6_cidr_block_association_id": "",
            "ipv6_native": false,
            "map_customer_owned_ip_on_launch": false,
            "map_public_ip_on_launch": true,
            "outpost_arn": "",
            "owner_id": "664418964913",
            "private_dns_hostname_type_on_launch": "ip-name",
            "tags": {
              "Name": "imeetpro-public-1",
              "kubernetes.io/cluster/imeetpro-eks-prod": "shared",
              "kubernetes.io/role/elb": "1"
            },
            "tags_all": {
              "Environment": "prod",
              "ManagedBy": "Terraform",
              "Name": "imeetpro-public-1",
              "Project": "imeetpro",
              "kubernetes.io/cluster/imeetpro-eks-prod": "shared",
              "kubernetes.io/role/elb": "1"
            },
            "timeouts": null,
            "vpc_id": "vpc-0548080f5b5023d1d"
          },
          "sensitive_attributes": [],
          "private": "eyJlMmJmYjczMC1lY2FhLTExZTYtOGY4OC0zNDM2M2JjN2M0YzAiOnsiY3JlYXRlIjo2MDAwMDAwMDAwMDAsImRlbGV0ZSI6MTIwMDAwMDAwMDAwMH0sInNjaGVtYV92ZXJzaW9uIjoiMSJ9",
          "dependencies": [
            "module.vpc.aws_vpc.main",
            "module.vpc.data.aws_availability_zones.available"
          ]
        },
        {
          "index_key": 1,
          "schema_version": 1,
          "attributes": {
            "arn": "arn:aws:ec2:us-east-1:664418964913:subnet/subnet-08e04bb994f5049b0",
            "assign_ipv6_address_on_creation": false,
            "availability_zone": "us-east-1b",
            "availability_zone_id": "use1-az6",
            "cidr_block": "10.0.16.0/20",
            "customer_owned_ipv4_pool": "",
            "enable_dns64": false,
            "enable_lni_at_device_index": 0,
            "enable_resource_name_dns_a_record_on_launch": false,
            "enable_resource_name_dns_aaaa_record_on_launch": false,
            "id": "subnet-08e04bb994f5049b0",
            "ipv6_cidr_block": "",
            "ipv6_cidr_block_association_id": "",
            "ipv6_native": false,
            "map_customer_owned_ip_on_launch": false,
            "map_public_ip_on_launch": true,
            "outpost_arn": "",
            "owner_id": "664418964913",
            "private_dns_hostname_type_on_launch": "ip-name",
            "tags": {
              "Name": "imeetpro-public-2",
              "kubernetes.io/cluster/imeetpro-eks-prod": "shared",
              "kubernetes.io/role/elb": "1"
            },
            "tags_all": {
              "Environment": "prod",
              "ManagedBy": "Terraform",
              "Name": "imeetpro-public-2",
              "Project": "imeetpro",
              "kubernetes.io/cluster/imeetpro-eks-prod": "shared",
              "kubernetes.io/role/elb": "1"
            },
            "timeouts": null,
            "vpc_id": "vpc-0548080f5b5023d1d"
          },
          "sensitive_attributes": [],
          "private": "eyJlMmJmYjczMC1lY2FhLTExZTYtOGY4OC0zNDM2M2JjN2M0YzAiOnsiY3JlYXRlIjo2MDAwMDAwMDAwMDAsImRlbGV0ZSI6MTIwMDAwMDAwMDAwMH0sInNjaGVtYV92ZXJzaW9uIjoiMSJ9",
          "dependencies": [
            "module.vpc.aws_vpc.main",
            "module.vpc.data.aws_availability_zones.available"
          ]
        },
        {
          "index_key": 2,
          "schema_version": 1,
          "attributes": {
            "arn": "arn:aws:ec2:us-east-1:664418964913:subnet/subnet-019aa0bd10fc2e617",
            "assign_ipv6_address_on_creation": false,
            "availability_zone": "us-east-1c",
            "availability_zone_id": "use1-az1",
            "cidr_block": "10.0.32.0/20",
            "customer_owned_ipv4_pool": "",
            "enable_dns64": false,
            "enable_lni_at_device_index": 0,
            "enable_resource_name_dns_a_record_on_launch": false,
            "enable_resource_name_dns_aaaa_record_on_launch": false,
            "id": "subnet-019aa0bd10fc2e617",
            "ipv6_cidr_block": "",
            "ipv6_cidr_block_association_id": "",
            "ipv6_native": false,
            "map_customer_owned_ip_on_launch": false,
            "map_public_ip_on_launch": true,
            "outpost_arn": "",
            "owner_id": "664418964913",
            "private_dns_hostname_type_on_launch": "ip-name",
            "tags": {
              "Name": "imeetpro-public-3",
              "kubernetes.io/cluster/imeetpro-eks-prod": "shared",
              "kubernetes.io/role/elb": "1"
            },
            "tags_all": {
              "Environment": "prod",
              "ManagedBy": "Terraform",
              "Name": "imeetpro-public-3",
              "Project": "imeetpro",
              "kubernetes.io/cluster/imeetpro-eks-prod": "shared",
              "kubernetes.io/role/elb": "1"
            },
            "timeouts": null,
            "vpc_id": "vpc-0548080f5b5023d1d"
          },
          "sensitive_attributes": [],
          "private": "eyJlMmJmYjczMC1lY2FhLTExZTYtOGY4OC0zNDM2M2JjN2M0YzAiOnsiY3JlYXRlIjo2MDAwMDAwMDAwMDAsImRlbGV0ZSI6MTIwMDAwMDAwMDAwMH0sInNjaGVtYV92ZXJzaW9uIjoiMSJ9",
          "dependencies": [
            "module.vpc.aws_vpc.main",
            "module.vpc.data.aws_availability_zones.available"
          ]
        }
      ]
    },
    {
      "module": "module.vpc",
      "mode": "managed",
      "type": "aws_vpc",
      "name": "main",
      "provider": "provider[\"registry.terraform.io/hashicorp/aws\"]",
      "instances": [
        {
          "schema_version": 1,
          "attributes": {
            "arn": "arn:aws:ec2:us-east-1:664418964913:vpc/vpc-0548080f5b5023d1d",
            "assign_generated_ipv6_cidr_block": false,
            "cidr_block": "10.0.0.0/16",
            "default_network_acl_id": "acl-0abad1a7b9865ee8c",
            "default_route_table_id": "rtb-05a7a453453005c6a",
            "default_security_group_id": "sg-01705a072058e5a86",
            "dhcp_options_id": "dopt-09755f502a296cffe",
            "enable_dns_hostnames": true,
            "enable_dns_support": true,
            "enable_network_address_usage_metrics": false,
            "id": "vpc-0548080f5b5023d1d",
            "instance_tenancy": "default",
            "ipv4_ipam_pool_id": null,
            "ipv4_netmask_length": null,
            "ipv6_association_id": "",
            "ipv6_cidr_block": "",
            "ipv6_cidr_block_network_border_group": "",
            "ipv6_ipam_pool_id": "",
            "ipv6_netmask_length": 0,
            "main_route_table_id": "rtb-05a7a453453005c6a",
            "owner_id": "664418964913",
            "tags": {
              "Name": "imeetpro-vpc-prod"
            },
            "tags_all": {
              "Environment": "prod",
              "ManagedBy": "Terraform",
              "Name": "imeetpro-vpc-prod",
              "Project": "imeetpro"
            }
          },
          "sensitive_attributes": [],
          "private": "eyJzY2hlbWFfdmVyc2lvbiI6IjEifQ=="
        }
      ]
    }
  ],
  "check_results": null
}
